
Microsoft Visual Studio Solution File, Format Version 12.00
# Visual Studio Version 17
VisualStudioVersion = 17.5.002.0
MinimumVisualStudioVersion = 10.0.40219.1
Project("{2150E333-8FDC-42A3-9474-1A3956D46DE8}") = "csharp-arrays_lists_dictionaries", "csharp-arrays_lists_dictionaries", "{87B45768-9898-4058-BF19-6699C5B5F954}"
EndProject
Project("{9A19103F-16F7-4668-BE54-9A1E7A4F7556}") = "0-print_array", "csharp-arrays_lists_dictionaries\0-print_array\0-print_array.csproj", "{7E507D00-9ED4-4F3E-B90F-7612625D4F39}"
EndProject
Project("{9A19103F-16F7-4668-BE54-9A1E7A4F7556}") = "1-element_at", "csharp-arrays_lists_dictionaries\1-element_at\1-element_at.csproj", "{3528321D-184B-41CE-B5CB-A0A10CECB650}"
EndProject
Project("{9A19103F-16F7-4668-BE54-9A1E7A4F7556}") = "10-delete_key_value", "csharp-arrays_lists_dictionaries\10-delete_key_value\10-delete_key_value.csproj", "{BCA9A4F3-CBAC-4F8B-A664-072B10602891}"
EndProject
Project("{9A19103F-16F7-4668-BE54-9A1E7A4F7556}") = "11-multiply_by_2", "csharp-arrays_lists_dictionaries\11-multiply_by_2\11-multiply_by_2.csproj", "{1E4C397D-0705-4DA4-B803-7409653BE97C}"
EndProject
Project("{9A19103F-16F7-4668-BE54-9A1E7A4F7556}") = "12-print_sorted_dictionary", "csharp-arrays_lists_dictionaries\12-print_sorted_dictionary\12-print_sorted_dictionary.csproj", "{0BD6EC58-6E1B-4DA7-9894-0E7F3B8272A2}"
EndProject
Project("{9A19103F-16F7-4668-BE54-9A1E7A4F7556}") = "13-best_score", "csharp-arrays_lists_dictionaries\13-best_score\13-best_score.csproj", "{23626C4F-FB81-4396-B746-5C781DFB17B6}"
EndProject
Project("{9A19103F-16F7-4668-BE54-9A1E7A4F7556}") = "14-rectangular_array", "csharp-arrays_lists_dictionaries\14-rectangular_array\14-rectangular_array.csproj", "{C25B2A9D-CD5D-4A1E-95F4-23D652B40811}"
EndProject
Project("{9A19103F-16F7-4668-BE54-9A1E7A4F7556}") = "15-square_matrix", "csharp-arrays_lists_dictionaries\15-square_matrix\15-square_matrix.csproj", "{885E1794-42ED-413C-80B1-834AFE4E7DEF}"
EndProject
Project("{9A19103F-16F7-4668-BE54-9A1E7A4F7556}") = "2-replace_element", "csharp-arrays_lists_dictionaries\2-replace_element\2-replace_element.csproj", "{7D9B0E79-2428-46E4-A2DA-E38BDEE1F7F9}"
EndProject
Project("{9A19103F-16F7-4668-BE54-9A1E7A4F7556}") = "3-print_array_reverse", "csharp-arrays_lists_dictionaries\3-print_array_reverse\3-print_array_reverse.csproj", "{2C11443C-906C-423E-8705-A5B8AD1BD333}"
EndProject
Project("{9A19103F-16F7-4668-BE54-9A1E7A4F7556}") = "4-print_list", "csharp-arrays_lists_dictionaries\4-print_list\4-print_list.csproj", "{3A6B7B4D-C7FC-43A2-9DB5-1B787CB21B22}"
EndProject
Project("{9A19103F-16F7-4668-BE54-9A1E7A4F7556}") = "5-max_integer", "csharp-arrays_lists_dictionaries\5-max_integer\5-max_integer.csproj", "{C30A4CD6-4F39-451A-986C-D064CB65A836}"
EndProject
Project("{9A19103F-16F7-4668-BE54-9A1E7A4F7556}") = "6-divisible_by_2", "csharp-arrays_lists_dictionaries\6-divisible_by_2\6-divisible_by_2.csproj", "{CB5AC77D-242F-43D1-AB4D-05182856D5E6}"
EndProject
Project("{9A19103F-16F7-4668-BE54-9A1E7A4F7556}") = "7-delete_at", "csharp-arrays_lists_dictionaries\7-delete_at\7-delete_at.csproj", "{E4328706-AB94-4570-870F-5465408EB913}"
EndProject
Project("{9A19103F-16F7-4668-BE54-9A1E7A4F7556}") = "8-number_keys", "csharp-arrays_lists_dictionaries\8-number_keys\8-number_keys.csproj", "{4A0EF607-4A1F-49B5-8DED-2D1288F4065E}"
EndProject
Project("{9A19103F-16F7-4668-BE54-9A1E7A4F7556}") = "9-add_key_value", "csharp-arrays_lists_dictionaries\9-add_key_value\9-add_key_value.csproj", "{6C309DFC-7201-4F82-BEFB-C9507699120E}"
EndProject
Project("{2150E333-8FDC-42A3-9474-1A3956D46DE8}") = "csharp-classes", "csharp-classes", "{BD068E46-16F1-4C42-87F6-07A136681A63}"
EndProject
Project("{9A19103F-16F7-4668-BE54-9A1E7A4F7556}") = "0-enemy", "csharp-classes\0-enemy\0-enemy.csproj", "{CD4A1588-726C-4989-97FB-314552A2C10F}"
EndProject
Project("{9A19103F-16F7-4668-BE54-9A1E7A4F7556}") = "1-enemy", "csharp-classes\1-enemy\1-enemy.csproj", "{B73E194E-8503-45D6-BADE-FFAF17CB9BEF}"
EndProject
Project("{9A19103F-16F7-4668-BE54-9A1E7A4F7556}") = "2-enemy", "csharp-classes\2-enemy\2-enemy.csproj", "{C296459B-5892-48EC-BEC7-00650E4C7F49}"
EndProject
Project("{9A19103F-16F7-4668-BE54-9A1E7A4F7556}") = "3-enemy", "csharp-classes\3-enemy\3-enemy.csproj", "{39FC7E52-F222-4438-AAA0-2B836C56F07F}"
EndProject
Project("{9A19103F-16F7-4668-BE54-9A1E7A4F7556}") = "4-enemy", "csharp-classes\4-enemy\4-enemy.csproj", "{5793E957-0919-4FE0-BE33-4E55B53AE4CD}"
EndProject
Project("{9A19103F-16F7-4668-BE54-9A1E7A4F7556}") = "5-enemy", "csharp-classes\5-enemy\5-enemy.csproj", "{F0619346-D2AC-48A1-A125-E1CBC368D74A}"
EndProject
Project("{2150E333-8FDC-42A3-9474-1A3956D46DE8}") = "csharp-exceptions", "csharp-exceptions", "{CAA5A0CC-EFD6-41DC-A683-B85F45EC23A3}"
EndProject
Project("{9A19103F-16F7-4668-BE54-9A1E7A4F7556}") = "0-safe_list_print", "csharp-exceptions\0-safe_list_print\0-safe_list_print.csproj", "{B26E5F2B-B976-4456-9762-7F9591E3EB84}"
EndProject
Project("{9A19103F-16F7-4668-BE54-9A1E7A4F7556}") = "1-divide_print", "csharp-exceptions\1-divide_print\1-divide_print.csproj", "{3C909FBC-DDD0-4CE3-A3F4-548AE1B74CC4}"
EndProject
Project("{9A19103F-16F7-4668-BE54-9A1E7A4F7556}") = "2-divide_lists", "csharp-exceptions\2-divide_lists\2-divide_lists.csproj", "{215FCE18-230A-4299-9A92-C4A87CB93256}"
EndProject
Project("{9A19103F-16F7-4668-BE54-9A1E7A4F7556}") = "3-throw_exception", "csharp-exceptions\3-throw_exception\3-throw_exception.csproj", "{51CBA1BB-AE5E-462B-985D-EA85D307299E}"
EndProject
Project("{9A19103F-16F7-4668-BE54-9A1E7A4F7556}") = "4-throw_exception_msg", "csharp-exceptions\4-throw_exception_msg\4-throw_exception_msg.csproj", "{F98544BB-D15D-4BD9-9BE8-97FCC5DD444F}"
EndProject
Project("{2150E333-8FDC-42A3-9474-1A3956D46DE8}") = "csharp-hashset_stack_queue_linkedlist", "csharp-hashset_stack_queue_linkedlist", "{447781A1-475A-46F0-B31A-2006246AB1B2}"
EndProject
Project("{9A19103F-16F7-4668-BE54-9A1E7A4F7556}") = "0-unique_add", "csharp-hashset_stack_queue_linkedlist\0-unique_add\0-unique_add.csproj", "{85EFD17C-4406-4425-9DF2-ECADE71FD80D}"
EndProject
Project("{9A19103F-16F7-4668-BE54-9A1E7A4F7556}") = "1-common_elements", "csharp-hashset_stack_queue_linkedlist\1-common_elements\1-common_elements.csproj", "{1E3D3829-56DA-4A35-AE29-2A9D81897A2C}"
EndProject
Project("{9A19103F-16F7-4668-BE54-9A1E7A4F7556}") = "10-linkedlist_get_node", "csharp-hashset_stack_queue_linkedlist\10-linkedlist_get_node\10-linkedlist_get_node.csproj", "{9023E380-CAD2-49B2-A4B7-302246089139}"
EndProject
Project("{9A19103F-16F7-4668-BE54-9A1E7A4F7556}") = "11-linkedlist_sum", "csharp-hashset_stack_queue_linkedlist\11-linkedlist_sum\11-linkedlist_sum.csproj", "{A8784F8B-1544-4071-908A-D2C0B8E1889E}"
EndProject
Project("{9A19103F-16F7-4668-BE54-9A1E7A4F7556}") = "12-linkedlist_insert", "csharp-hashset_stack_queue_linkedlist\12-linkedlist_insert\12-linkedlist_insert.csproj", "{3BBF1297-1585-4170-BEEE-64A4D6FBBC2D}"
EndProject
Project("{9A19103F-16F7-4668-BE54-9A1E7A4F7556}") = "13-linkedlist_delete", "csharp-hashset_stack_queue_linkedlist\13-linkedlist_delete\13-linkedlist_delete.csproj", "{D3D33AA7-BB14-49FE-B371-BB7D7CC81E8D}"
EndProject
Project("{9A19103F-16F7-4668-BE54-9A1E7A4F7556}") = "2-different_elements", "csharp-hashset_stack_queue_linkedlist\2-different_elements\2-different_elements.csproj", "{9093A87A-6B5F-47F6-8884-153D6FEA7B21}"
EndProject
Project("{9A19103F-16F7-4668-BE54-9A1E7A4F7556}") = "3-stack_push_pop", "csharp-hashset_stack_queue_linkedlist\3-stack_push_pop\3-stack_push_pop.csproj", "{5A18B05E-40CA-40C1-B7E8-6A418C095215}"
EndProject
Project("{9A19103F-16F7-4668-BE54-9A1E7A4F7556}") = "4-queue_enqueue_dequeue", "csharp-hashset_stack_queue_linkedlist\4-queue_enqueue_dequeue\4-queue_enqueue_dequeue.csproj", "{3308FB72-B50C-443A-B690-8989A1A68FCB}"
EndProject
Project("{9A19103F-16F7-4668-BE54-9A1E7A4F7556}") = "5-print_linkedlist", "csharp-hashset_stack_queue_linkedlist\5-print_linkedlist\5-print_linkedlist.csproj", "{67B7F312-6F14-468E-80E4-E374C4D73532}"
EndProject
Project("{9A19103F-16F7-4668-BE54-9A1E7A4F7556}") = "6-linkedlist_length", "csharp-hashset_stack_queue_linkedlist\6-linkedlist_length\6-linkedlist_length.csproj", "{EABD0AD3-F90D-4C6B-9F8D-A435A99004E5}"
EndProject
Project("{9A19103F-16F7-4668-BE54-9A1E7A4F7556}") = "7-linkedlist_add", "csharp-hashset_stack_queue_linkedlist\7-linkedlist_add\7-linkedlist_add.csproj", "{C112E871-7F95-4671-8EEA-71FCDA41F40C}"
EndProject
Project("{9A19103F-16F7-4668-BE54-9A1E7A4F7556}") = "8-linkedlist_find", "csharp-hashset_stack_queue_linkedlist\8-linkedlist_find\8-linkedlist_find.csproj", "{36701986-56A8-49DD-BA53-1F8444504A6F}"
EndProject
Project("{9A19103F-16F7-4668-BE54-9A1E7A4F7556}") = "9-linkedlist_pop", "csharp-hashset_stack_queue_linkedlist\9-linkedlist_pop\9-linkedlist_pop.csproj", "{8CE4DD8C-C134-4213-B23B-75F9CE741727}"
EndProject
Project("{2150E333-8FDC-42A3-9474-1A3956D46DE8}") = "csharp-hello_world", "csharp-hello_world", "{167A8F97-8736-4098-9DCD-49E98E14A120}"
EndProject
Project("{9A19103F-16F7-4668-BE54-9A1E7A4F7556}") = "10-copy_cut_paste", "csharp-hello_world\10-copy_cut_paste\10-copy_cut_paste.csproj", "{A59FA05B-47B6-4E3B-AA9B-9527B6BC5763}"
EndProject
Project("{9A19103F-16F7-4668-BE54-9A1E7A4F7556}") = "11-concat_edges", "csharp-hello_world\11-concat_edges\11-concat_edges.csproj", "{3FB803C8-8ECE-4018-9DD4-4CF43686EDD9}"
EndProject
Project("{9A19103F-16F7-4668-BE54-9A1E7A4F7556}") = "3-writeline", "csharp-hello_world\3-writeline\3-writeline.csproj", "{BE37B41A-C31A-4491-9347-8452980DCC10}"
EndProject
Project("{9A19103F-16F7-4668-BE54-9A1E7A4F7556}") = "4-print_integer", "csharp-hello_world\4-print_integer\4-print_integer.csproj", "{AD9AABD9-2EAA-4827-AA40-BF140548C22C}"
EndProject
Project("{9A19103F-16F7-4668-BE54-9A1E7A4F7556}") = "5-print_float", "csharp-hello_world\5-print_float\5-print_float.csproj", "{182B6895-B82D-4E49-BD37-B950C224BB7C}"
EndProject
Project("{9A19103F-16F7-4668-BE54-9A1E7A4F7556}") = "6-print_string", "csharp-hello_world\6-print_string\6-print_string.csproj", "{5EDB6D9F-3D29-45B4-BBF8-A736641F6267}"
EndProject
Project("{9A19103F-16F7-4668-BE54-9A1E7A4F7556}") = "7-concat", "csharp-hello_world\7-concat\7-concat.csproj", "{EFCD1066-269C-4888-9F89-1234A3C9FAFB}"
EndProject
Project("{9A19103F-16F7-4668-BE54-9A1E7A4F7556}") = "8-print_variables", "csharp-hello_world\8-print_variables\8-print_variables.csproj", "{CB0EF55D-6323-4C74-9483-B9EB38AB186C}"
EndProject
Project("{9A19103F-16F7-4668-BE54-9A1E7A4F7556}") = "9-print_specifiers", "csharp-hello_world\9-print_specifiers\9-print_specifiers.csproj", "{6A4FC0FF-0631-4CDA-B04B-FC6A05B7D21A}"
EndProject
Project("{2150E333-8FDC-42A3-9474-1A3956D46DE8}") = "csharp-ifelse_loops_methods", "csharp-ifelse_loops_methods", "{6EEB2161-4EF0-4618-BDCB-6879657C7434}"
EndProject
Project("{9A19103F-16F7-4668-BE54-9A1E7A4F7556}") = "0-positive_or_negative", "csharp-ifelse_loops_methods\0-positive_or_negative\0-positive_or_negative.csproj", "{9296F3C1-79EA-4C06-8079-5F9B68C4B84F}"
EndProject
Project("{9A19103F-16F7-4668-BE54-9A1E7A4F7556}") = "1-last_digit", "csharp-ifelse_loops_methods\1-last_digit\1-last_digit.csproj", "{DE4F798C-5EA3-4007-9065-AA242A33F1D9}"
EndProject
Project("{9A19103F-16F7-4668-BE54-9A1E7A4F7556}") = "10-print_line", "csharp-ifelse_loops_methods\10-print_line\10-print_line.csproj", "{693DCDCF-7FD1-4443-ABEE-C31CB4F8FA98}"
EndProject
Project("{9A19103F-16F7-4668-BE54-9A1E7A4F7556}") = "11-print_diagonal", "csharp-ifelse_loops_methods\11-print_diagonal\11-print_diagonal.csproj", "{5CEA29BA-AB8F-4712-97B8-F8E5F2C84600}"
EndProject
Project("{9A19103F-16F7-4668-BE54-9A1E7A4F7556}") = "12-fizzbuzz", "csharp-ifelse_loops_methods\12-fizzbuzz\12-fizzbuzz.csproj", "{5523B885-44DB-4854-A7AE-FC0C83F2A1B8}"
EndProject
Project("{9A19103F-16F7-4668-BE54-9A1E7A4F7556}") = "2-print_alphabet", "csharp-ifelse_loops_methods\2-print_alphabet\2-print_alphabet.csproj", "{F86271DC-D24F-43A5-B17B-A7178194B763}"
EndProject
Project("{9A19103F-16F7-4668-BE54-9A1E7A4F7556}") = "3-print_alphabt", "csharp-ifelse_loops_methods\3-print_alphabt\3-print_alphabt.csproj", "{48A17A96-E358-4F9F-A95A-D7D0674982E8}"
EndProject
Project("{9A19103F-16F7-4668-BE54-9A1E7A4F7556}") = "4-print_hexa", "csharp-ifelse_loops_methods\4-print_hexa\4-print_hexa.csproj", "{8E30FA0B-C75B-4E7F-9501-3540EEB7CFBC}"
EndProject
Project("{9A19103F-16F7-4668-BE54-9A1E7A4F7556}") = "5-print_comb", "csharp-ifelse_loops_methods\5-print_comb\5-print_comb.csproj", "{3B85FD06-E6A8-43B5-9448-7B25C80D2D04}"
EndProject
Project("{9A19103F-16F7-4668-BE54-9A1E7A4F7556}") = "6-print_comb2", "csharp-ifelse_loops_methods\6-print_comb2\6-print_comb2.csproj", "{A8BCB6DE-9397-4700-8F88-C9BF6462E978}"
EndProject
Project("{9A19103F-16F7-4668-BE54-9A1E7A4F7556}") = "7-islower", "csharp-ifelse_loops_methods\7-islower\7-islower.csproj", "{FA84150D-8B3D-4AD5-B43C-67D7FB7643C3}"
EndProject
Project("{9A19103F-16F7-4668-BE54-9A1E7A4F7556}") = "8-print_last_digit", "csharp-ifelse_loops_methods\8-print_last_digit\8-print_last_digit.csproj", "{ABE5A024-0DAC-4AB1-87AA-1A8FF1ED2A09}"
EndProject
Project("{9A19103F-16F7-4668-BE54-9A1E7A4F7556}") = "9-add", "csharp-ifelse_loops_methods\9-add\9-add.csproj", "{549539BF-7148-46DD-A5AC-58CC1E9585D9}"
EndProject
Project("{2150E333-8FDC-42A3-9474-1A3956D46DE8}") = "csharp-structs_enums", "csharp-structs_enums", "{0629B044-1376-470F-95CE-B44B637F356D}"
EndProject
Project("{9A19103F-16F7-4668-BE54-9A1E7A4F7556}") = "0-dog", "csharp-structs_enums\0-dog\0-dog.csproj", "{799B3664-162F-413E-B263-B306D4FC96C0}"
EndProject
Project("{9A19103F-16F7-4668-BE54-9A1E7A4F7556}") = "1-dog", "csharp-structs_enums\1-dog\1-dog.csproj", "{1572475E-A686-487A-BADA-65E8E0AE674A}"
EndProject
Project("{9A19103F-16F7-4668-BE54-9A1E7A4F7556}") = "2-dog", "csharp-structs_enums\2-dog\2-dog.csproj", "{12D8C063-D46E-4693-B634-93023290B21B}"
EndProject
Project("{9A19103F-16F7-4668-BE54-9A1E7A4F7556}") = "3-dog", "csharp-structs_enums\3-dog\3-dog.csproj", "{17528CDC-92E4-439B-BCED-869AD722489F}"
EndProject
Global
	GlobalSection(SolutionConfigurationPlatforms) = preSolution
		Debug|Any CPU = Debug|Any CPU
		Release|Any CPU = Release|Any CPU
	EndGlobalSection
	GlobalSection(ProjectConfigurationPlatforms) = postSolution
		{7E507D00-9ED4-4F3E-B90F-7612625D4F39}.Debug|Any CPU.ActiveCfg = Debug|Any CPU
		{7E507D00-9ED4-4F3E-B90F-7612625D4F39}.Debug|Any CPU.Build.0 = Debug|Any CPU
		{7E507D00-9ED4-4F3E-B90F-7612625D4F39}.Release|Any CPU.ActiveCfg = Release|Any CPU
		{7E507D00-9ED4-4F3E-B90F-7612625D4F39}.Release|Any CPU.Build.0 = Release|Any CPU
		{3528321D-184B-41CE-B5CB-A0A10CECB650}.Debug|Any CPU.ActiveCfg = Debug|Any CPU
		{3528321D-184B-41CE-B5CB-A0A10CECB650}.Debug|Any CPU.Build.0 = Debug|Any CPU
		{3528321D-184B-41CE-B5CB-A0A10CECB650}.Release|Any CPU.ActiveCfg = Release|Any CPU
		{3528321D-184B-41CE-B5CB-A0A10CECB650}.Release|Any CPU.Build.0 = Release|Any CPU
		{BCA9A4F3-CBAC-4F8B-A664-072B10602891}.Debug|Any CPU.ActiveCfg = Debug|Any CPU
		{BCA9A4F3-CBAC-4F8B-A664-072B10602891}.Debug|Any CPU.Build.0 = Debug|Any CPU
		{BCA9A4F3-CBAC-4F8B-A664-072B10602891}.Release|Any CPU.ActiveCfg = Release|Any CPU
		{BCA9A4F3-CBAC-4F8B-A664-072B10602891}.Release|Any CPU.Build.0 = Release|Any CPU
		{1E4C397D-0705-4DA4-B803-7409653BE97C}.Debug|Any CPU.ActiveCfg = Debug|Any CPU
		{1E4C397D-0705-4DA4-B803-7409653BE97C}.Debug|Any CPU.Build.0 = Debug|Any CPU
		{1E4C397D-0705-4DA4-B803-7409653BE97C}.Release|Any CPU.ActiveCfg = Release|Any CPU
		{1E4C397D-0705-4DA4-B803-7409653BE97C}.Release|Any CPU.Build.0 = Release|Any CPU
		{0BD6EC58-6E1B-4DA7-9894-0E7F3B8272A2}.Debug|Any CPU.ActiveCfg = Debug|Any CPU
		{0BD6EC58-6E1B-4DA7-9894-0E7F3B8272A2}.Debug|Any CPU.Build.0 = Debug|Any CPU
		{0BD6EC58-6E1B-4DA7-9894-0E7F3B8272A2}.Release|Any CPU.ActiveCfg = Release|Any CPU
		{0BD6EC58-6E1B-4DA7-9894-0E7F3B8272A2}.Release|Any CPU.Build.0 = Release|Any CPU
		{23626C4F-FB81-4396-B746-5C781DFB17B6}.Debug|Any CPU.ActiveCfg = Debug|Any CPU
		{23626C4F-FB81-4396-B746-5C781DFB17B6}.Debug|Any CPU.Build.0 = Debug|Any CPU
		{23626C4F-FB81-4396-B746-5C781DFB17B6}.Release|Any CPU.ActiveCfg = Release|Any CPU
		{23626C4F-FB81-4396-B746-5C781DFB17B6}.Release|Any CPU.Build.0 = Release|Any CPU
		{C25B2A9D-CD5D-4A1E-95F4-23D652B40811}.Debug|Any CPU.ActiveCfg = Debug|Any CPU
		{C25B2A9D-CD5D-4A1E-95F4-23D652B40811}.Debug|Any CPU.Build.0 = Debug|Any CPU
		{C25B2A9D-CD5D-4A1E-95F4-23D652B40811}.Release|Any CPU.ActiveCfg = Release|Any CPU
		{C25B2A9D-CD5D-4A1E-95F4-23D652B40811}.Release|Any CPU.Build.0 = Release|Any CPU
		{885E1794-42ED-413C-80B1-834AFE4E7DEF}.Debug|Any CPU.ActiveCfg = Debug|Any CPU
		{885E1794-42ED-413C-80B1-834AFE4E7DEF}.Debug|Any CPU.Build.0 = Debug|Any CPU
		{885E1794-42ED-413C-80B1-834AFE4E7DEF}.Release|Any CPU.ActiveCfg = Release|Any CPU
		{885E1794-42ED-413C-80B1-834AFE4E7DEF}.Release|Any CPU.Build.0 = Release|Any CPU
		{7D9B0E79-2428-46E4-A2DA-E38BDEE1F7F9}.Debug|Any CPU.ActiveCfg = Debug|Any CPU
		{7D9B0E79-2428-46E4-A2DA-E38BDEE1F7F9}.Debug|Any CPU.Build.0 = Debug|Any CPU
		{7D9B0E79-2428-46E4-A2DA-E38BDEE1F7F9}.Release|Any CPU.ActiveCfg = Release|Any CPU
		{7D9B0E79-2428-46E4-A2DA-E38BDEE1F7F9}.Release|Any CPU.Build.0 = Release|Any CPU
		{2C11443C-906C-423E-8705-A5B8AD1BD333}.Debug|Any CPU.ActiveCfg = Debug|Any CPU
		{2C11443C-906C-423E-8705-A5B8AD1BD333}.Debug|Any CPU.Build.0 = Debug|Any CPU
		{2C11443C-906C-423E-8705-A5B8AD1BD333}.Release|Any CPU.ActiveCfg = Release|Any CPU
		{2C11443C-906C-423E-8705-A5B8AD1BD333}.Release|Any CPU.Build.0 = Release|Any CPU
		{3A6B7B4D-C7FC-43A2-9DB5-1B787CB21B22}.Debug|Any CPU.ActiveCfg = Debug|Any CPU
		{3A6B7B4D-C7FC-43A2-9DB5-1B787CB21B22}.Debug|Any CPU.Build.0 = Debug|Any CPU
		{3A6B7B4D-C7FC-43A2-9DB5-1B787CB21B22}.Release|Any CPU.ActiveCfg = Release|Any CPU
		{3A6B7B4D-C7FC-43A2-9DB5-1B787CB21B22}.Release|Any CPU.Build.0 = Release|Any CPU
		{C30A4CD6-4F39-451A-986C-D064CB65A836}.Debug|Any CPU.ActiveCfg = Debug|Any CPU
		{C30A4CD6-4F39-451A-986C-D064CB65A836}.Debug|Any CPU.Build.0 = Debug|Any CPU
		{C30A4CD6-4F39-451A-986C-D064CB65A836}.Release|Any CPU.ActiveCfg = Release|Any CPU
		{C30A4CD6-4F39-451A-986C-D064CB65A836}.Release|Any CPU.Build.0 = Release|Any CPU
		{CB5AC77D-242F-43D1-AB4D-05182856D5E6}.Debug|Any CPU.ActiveCfg = Debug|Any CPU
		{CB5AC77D-242F-43D1-AB4D-05182856D5E6}.Debug|Any CPU.Build.0 = Debug|Any CPU
		{CB5AC77D-242F-43D1-AB4D-05182856D5E6}.Release|Any CPU.ActiveCfg = Release|Any CPU
		{CB5AC77D-242F-43D1-AB4D-05182856D5E6}.Release|Any CPU.Build.0 = Release|Any CPU
		{E4328706-AB94-4570-870F-5465408EB913}.Debug|Any CPU.ActiveCfg = Debug|Any CPU
		{E4328706-AB94-4570-870F-5465408EB913}.Debug|Any CPU.Build.0 = Debug|Any CPU
		{E4328706-AB94-4570-870F-5465408EB913}.Release|Any CPU.ActiveCfg = Release|Any CPU
		{E4328706-AB94-4570-870F-5465408EB913}.Release|Any CPU.Build.0 = Release|Any CPU
		{4A0EF607-4A1F-49B5-8DED-2D1288F4065E}.Debug|Any CPU.ActiveCfg = Debug|Any CPU
		{4A0EF607-4A1F-49B5-8DED-2D1288F4065E}.Debug|Any CPU.Build.0 = Debug|Any CPU
		{4A0EF607-4A1F-49B5-8DED-2D1288F4065E}.Release|Any CPU.ActiveCfg = Release|Any CPU
		{4A0EF607-4A1F-49B5-8DED-2D1288F4065E}.Release|Any CPU.Build.0 = Release|Any CPU
		{6C309DFC-7201-4F82-BEFB-C9507699120E}.Debug|Any CPU.ActiveCfg = Debug|Any CPU
		{6C309DFC-7201-4F82-BEFB-C9507699120E}.Debug|Any CPU.Build.0 = Debug|Any CPU
		{6C309DFC-7201-4F82-BEFB-C9507699120E}.Release|Any CPU.ActiveCfg = Release|Any CPU
		{6C309DFC-7201-4F82-BEFB-C9507699120E}.Release|Any CPU.Build.0 = Release|Any CPU
		{CD4A1588-726C-4989-97FB-314552A2C10F}.Debug|Any CPU.ActiveCfg = Debug|Any CPU
		{CD4A1588-726C-4989-97FB-314552A2C10F}.Debug|Any CPU.Build.0 = Debug|Any CPU
		{CD4A1588-726C-4989-97FB-314552A2C10F}.Release|Any CPU.ActiveCfg = Release|Any CPU
		{CD4A1588-726C-4989-97FB-314552A2C10F}.Release|Any CPU.Build.0 = Release|Any CPU
		{B73E194E-8503-45D6-BADE-FFAF17CB9BEF}.Debug|Any CPU.ActiveCfg = Debug|Any CPU
		{B73E194E-8503-45D6-BADE-FFAF17CB9BEF}.Debug|Any CPU.Build.0 = Debug|Any CPU
		{B73E194E-8503-45D6-BADE-FFAF17CB9BEF}.Release|Any CPU.ActiveCfg = Release|Any CPU
		{B73E194E-8503-45D6-BADE-FFAF17CB9BEF}.Release|Any CPU.Build.0 = Release|Any CPU
		{C296459B-5892-48EC-BEC7-00650E4C7F49}.Debug|Any CPU.ActiveCfg = Debug|Any CPU
		{C296459B-5892-48EC-BEC7-00650E4C7F49}.Debug|Any CPU.Build.0 = Debug|Any CPU
		{C296459B-5892-48EC-BEC7-00650E4C7F49}.Release|Any CPU.ActiveCfg = Release|Any CPU
		{C296459B-5892-48EC-BEC7-00650E4C7F49}.Release|Any CPU.Build.0 = Release|Any CPU
		{39FC7E52-F222-4438-AAA0-2B836C56F07F}.Debug|Any CPU.ActiveCfg = Debug|Any CPU
		{39FC7E52-F222-4438-AAA0-2B836C56F07F}.Debug|Any CPU.Build.0 = Debug|Any CPU
		{39FC7E52-F222-4438-AAA0-2B836C56F07F}.Release|Any CPU.ActiveCfg = Release|Any CPU
		{39FC7E52-F222-4438-AAA0-2B836C56F07F}.Release|Any CPU.Build.0 = Release|Any CPU
		{5793E957-0919-4FE0-BE33-4E55B53AE4CD}.Debug|Any CPU.ActiveCfg = Debug|Any CPU
		{5793E957-0919-4FE0-BE33-4E55B53AE4CD}.Debug|Any CPU.Build.0 = Debug|Any CPU
		{5793E957-0919-4FE0-BE33-4E55B53AE4CD}.Release|Any CPU.ActiveCfg = Release|Any CPU
		{5793E957-0919-4FE0-BE33-4E55B53AE4CD}.Release|Any CPU.Build.0 = Release|Any CPU
		{F0619346-D2AC-48A1-A125-E1CBC368D74A}.Debug|Any CPU.ActiveCfg = Debug|Any CPU
		{F0619346-D2AC-48A1-A125-E1CBC368D74A}.Debug|Any CPU.Build.0 = Debug|Any CPU
		{F0619346-D2AC-48A1-A125-E1CBC368D74A}.Release|Any CPU.ActiveCfg = Release|Any CPU
		{F0619346-D2AC-48A1-A125-E1CBC368D74A}.Release|Any CPU.Build.0 = Release|Any CPU
		{B26E5F2B-B976-4456-9762-7F9591E3EB84}.Debug|Any CPU.ActiveCfg = Debug|Any CPU
		{B26E5F2B-B976-4456-9762-7F9591E3EB84}.Debug|Any CPU.Build.0 = Debug|Any CPU
		{B26E5F2B-B976-4456-9762-7F9591E3EB84}.Release|Any CPU.ActiveCfg = Release|Any CPU
		{B26E5F2B-B976-4456-9762-7F9591E3EB84}.Release|Any CPU.Build.0 = Release|Any CPU
		{3C909FBC-DDD0-4CE3-A3F4-548AE1B74CC4}.Debug|Any CPU.ActiveCfg = Debug|Any CPU
		{3C909FBC-DDD0-4CE3-A3F4-548AE1B74CC4}.Debug|Any CPU.Build.0 = Debug|Any CPU
		{3C909FBC-DDD0-4CE3-A3F4-548AE1B74CC4}.Release|Any CPU.ActiveCfg = Release|Any CPU
		{3C909FBC-DDD0-4CE3-A3F4-548AE1B74CC4}.Release|Any CPU.Build.0 = Release|Any CPU
		{215FCE18-230A-4299-9A92-C4A87CB93256}.Debug|Any CPU.ActiveCfg = Debug|Any CPU
		{215FCE18-230A-4299-9A92-C4A87CB93256}.Debug|Any CPU.Build.0 = Debug|Any CPU
		{215FCE18-230A-4299-9A92-C4A87CB93256}.Release|Any CPU.ActiveCfg = Release|Any CPU
		{215FCE18-230A-4299-9A92-C4A87CB93256}.Release|Any CPU.Build.0 = Release|Any CPU
		{51CBA1BB-AE5E-462B-985D-EA85D307299E}.Debug|Any CPU.ActiveCfg = Debug|Any CPU
		{51CBA1BB-AE5E-462B-985D-EA85D307299E}.Debug|Any CPU.Build.0 = Debug|Any CPU
		{51CBA1BB-AE5E-462B-985D-EA85D307299E}.Release|Any CPU.ActiveCfg = Release|Any CPU
		{51CBA1BB-AE5E-462B-985D-EA85D307299E}.Release|Any CPU.Build.0 = Release|Any CPU
		{F98544BB-D15D-4BD9-9BE8-97FCC5DD444F}.Debug|Any CPU.ActiveCfg = Debug|Any CPU
		{F98544BB-D15D-4BD9-9BE8-97FCC5DD444F}.Debug|Any CPU.Build.0 = Debug|Any CPU
		{F98544BB-D15D-4BD9-9BE8-97FCC5DD444F}.Release|Any CPU.ActiveCfg = Release|Any CPU
		{F98544BB-D15D-4BD9-9BE8-97FCC5DD444F}.Release|Any CPU.Build.0 = Release|Any CPU
		{85EFD17C-4406-4425-9DF2-ECADE71FD80D}.Debug|Any CPU.ActiveCfg = Debug|Any CPU
		{85EFD17C-4406-4425-9DF2-ECADE71FD80D}.Debug|Any CPU.Build.0 = Debug|Any CPU
		{85EFD17C-4406-4425-9DF2-ECADE71FD80D}.Release|Any CPU.ActiveCfg = Release|Any CPU
		{85EFD17C-4406-4425-9DF2-ECADE71FD80D}.Release|Any CPU.Build.0 = Release|Any CPU
		{1E3D3829-56DA-4A35-AE29-2A9D81897A2C}.Debug|Any CPU.ActiveCfg = Debug|Any CPU
		{1E3D3829-56DA-4A35-AE29-2A9D81897A2C}.Debug|Any CPU.Build.0 = Debug|Any CPU
		{1E3D3829-56DA-4A35-AE29-2A9D81897A2C}.Release|Any CPU.ActiveCfg = Release|Any CPU
		{1E3D3829-56DA-4A35-AE29-2A9D81897A2C}.Release|Any CPU.Build.0 = Release|Any CPU
		{9023E380-CAD2-49B2-A4B7-302246089139}.Debug|Any CPU.ActiveCfg = Debug|Any CPU
		{9023E380-CAD2-49B2-A4B7-302246089139}.Debug|Any CPU.Build.0 = Debug|Any CPU
		{9023E380-CAD2-49B2-A4B7-302246089139}.Release|Any CPU.ActiveCfg = Release|Any CPU
		{9023E380-CAD2-49B2-A4B7-302246089139}.Release|Any CPU.Build.0 = Release|Any CPU
		{A8784F8B-1544-4071-908A-D2C0B8E1889E}.Debug|Any CPU.ActiveCfg = Debug|Any CPU
		{A8784F8B-1544-4071-908A-D2C0B8E1889E}.Debug|Any CPU.Build.0 = Debug|Any CPU
		{A8784F8B-1544-4071-908A-D2C0B8E1889E}.Release|Any CPU.ActiveCfg = Release|Any CPU
		{A8784F8B-1544-4071-908A-D2C0B8E1889E}.Release|Any CPU.Build.0 = Release|Any CPU
		{3BBF1297-1585-4170-BEEE-64A4D6FBBC2D}.Debug|Any CPU.ActiveCfg = Debug|Any CPU
		{3BBF1297-1585-4170-BEEE-64A4D6FBBC2D}.Debug|Any CPU.Build.0 = Debug|Any CPU
		{3BBF1297-1585-4170-BEEE-64A4D6FBBC2D}.Release|Any CPU.ActiveCfg = Release|Any CPU
		{3BBF1297-1585-4170-BEEE-64A4D6FBBC2D}.Release|Any CPU.Build.0 = Release|Any CPU
		{D3D33AA7-BB14-49FE-B371-BB7D7CC81E8D}.Debug|Any CPU.ActiveCfg = Debug|Any CPU
		{D3D33AA7-BB14-49FE-B371-BB7D7CC81E8D}.Debug|Any CPU.Build.0 = Debug|Any CPU
		{D3D33AA7-BB14-49FE-B371-BB7D7CC81E8D}.Release|Any CPU.ActiveCfg = Release|Any CPU
		{D3D33AA7-BB14-49FE-B371-BB7D7CC81E8D}.Release|Any CPU.Build.0 = Release|Any CPU
		{9093A87A-6B5F-47F6-8884-153D6FEA7B21}.Debug|Any CPU.ActiveCfg = Debug|Any CPU
		{9093A87A-6B5F-47F6-8884-153D6FEA7B21}.Debug|Any CPU.Build.0 = Debug|Any CPU
		{9093A87A-6B5F-47F6-8884-153D6FEA7B21}.Release|Any CPU.ActiveCfg = Release|Any CPU
		{9093A87A-6B5F-47F6-8884-153D6FEA7B21}.Release|Any CPU.Build.0 = Release|Any CPU
		{5A18B05E-40CA-40C1-B7E8-6A418C095215}.Debug|Any CPU.ActiveCfg = Debug|Any CPU
		{5A18B05E-40CA-40C1-B7E8-6A418C095215}.Debug|Any CPU.Build.0 = Debug|Any CPU
		{5A18B05E-40CA-40C1-B7E8-6A418C095215}.Release|Any CPU.ActiveCfg = Release|Any CPU
		{5A18B05E-40CA-40C1-B7E8-6A418C095215}.Release|Any CPU.Build.0 = Release|Any CPU
		{3308FB72-B50C-443A-B690-8989A1A68FCB}.Debug|Any CPU.ActiveCfg = Debug|Any CPU
		{3308FB72-B50C-443A-B690-8989A1A68FCB}.Debug|Any CPU.Build.0 = Debug|Any CPU
		{3308FB72-B50C-443A-B690-8989A1A68FCB}.Release|Any CPU.ActiveCfg = Release|Any CPU
		{3308FB72-B50C-443A-B690-8989A1A68FCB}.Release|Any CPU.Build.0 = Release|Any CPU
		{67B7F312-6F14-468E-80E4-E374C4D73532}.Debug|Any CPU.ActiveCfg = Debug|Any CPU
		{67B7F312-6F14-468E-80E4-E374C4D73532}.Debug|Any CPU.Build.0 = Debug|Any CPU
		{67B7F312-6F14-468E-80E4-E374C4D73532}.Release|Any CPU.ActiveCfg = Release|Any CPU
		{67B7F312-6F14-468E-80E4-E374C4D73532}.Release|Any CPU.Build.0 = Release|Any CPU
		{EABD0AD3-F90D-4C6B-9F8D-A435A99004E5}.Debug|Any CPU.ActiveCfg = Debug|Any CPU
		{EABD0AD3-F90D-4C6B-9F8D-A435A99004E5}.Debug|Any CPU.Build.0 = Debug|Any CPU
		{EABD0AD3-F90D-4C6B-9F8D-A435A99004E5}.Release|Any CPU.ActiveCfg = Release|Any CPU
		{EABD0AD3-F90D-4C6B-9F8D-A435A99004E5}.Release|Any CPU.Build.0 = Release|Any CPU
		{C112E871-7F95-4671-8EEA-71FCDA41F40C}.Debug|Any CPU.ActiveCfg = Debug|Any CPU
		{C112E871-7F95-4671-8EEA-71FCDA41F40C}.Debug|Any CPU.Build.0 = Debug|Any CPU
		{C112E871-7F95-4671-8EEA-71FCDA41F40C}.Release|Any CPU.ActiveCfg = Release|Any CPU
		{C112E871-7F95-4671-8EEA-71FCDA41F40C}.Release|Any CPU.Build.0 = Release|Any CPU
		{36701986-56A8-49DD-BA53-1F8444504A6F}.Debug|Any CPU.ActiveCfg = Debug|Any CPU
		{36701986-56A8-49DD-BA53-1F8444504A6F}.Debug|Any CPU.Build.0 = Debug|Any CPU
		{36701986-56A8-49DD-BA53-1F8444504A6F}.Release|Any CPU.ActiveCfg = Release|Any CPU
		{36701986-56A8-49DD-BA53-1F8444504A6F}.Release|Any CPU.Build.0 = Release|Any CPU
		{8CE4DD8C-C134-4213-B23B-75F9CE741727}.Debug|Any CPU.ActiveCfg = Debug|Any CPU
		{8CE4DD8C-C134-4213-B23B-75F9CE741727}.Debug|Any CPU.Build.0 = Debug|Any CPU
		{8CE4DD8C-C134-4213-B23B-75F9CE741727}.Release|Any CPU.ActiveCfg = Release|Any CPU
		{8CE4DD8C-C134-4213-B23B-75F9CE741727}.Release|Any CPU.Build.0 = Release|Any CPU
		{A59FA05B-47B6-4E3B-AA9B-9527B6BC5763}.Debug|Any CPU.ActiveCfg = Debug|Any CPU
		{A59FA05B-47B6-4E3B-AA9B-9527B6BC5763}.Debug|Any CPU.Build.0 = Debug|Any CPU
		{A59FA05B-47B6-4E3B-AA9B-9527B6BC5763}.Release|Any CPU.ActiveCfg = Release|Any CPU
		{A59FA05B-47B6-4E3B-AA9B-9527B6BC5763}.Release|Any CPU.Build.0 = Release|Any CPU
		{3FB803C8-8ECE-4018-9DD4-4CF43686EDD9}.Debug|Any CPU.ActiveCfg = Debug|Any CPU
		{3FB803C8-8ECE-4018-9DD4-4CF43686EDD9}.Debug|Any CPU.Build.0 = Debug|Any CPU
		{3FB803C8-8ECE-4018-9DD4-4CF43686EDD9}.Release|Any CPU.ActiveCfg = Release|Any CPU
		{3FB803C8-8ECE-4018-9DD4-4CF43686EDD9}.Release|Any CPU.Build.0 = Release|Any CPU
		{BE37B41A-C31A-4491-9347-8452980DCC10}.Debug|Any CPU.ActiveCfg = Debug|Any CPU
		{BE37B41A-C31A-4491-9347-8452980DCC10}.Debug|Any CPU.Build.0 = Debug|Any CPU
		{BE37B41A-C31A-4491-9347-8452980DCC10}.Release|Any CPU.ActiveCfg = Release|Any CPU
		{BE37B41A-C31A-4491-9347-8452980DCC10}.Release|Any CPU.Build.0 = Release|Any CPU
		{AD9AABD9-2EAA-4827-AA40-BF140548C22C}.Debug|Any CPU.ActiveCfg = Debug|Any CPU
		{AD9AABD9-2EAA-4827-AA40-BF140548C22C}.Debug|Any CPU.Build.0 = Debug|Any CPU
		{AD9AABD9-2EAA-4827-AA40-BF140548C22C}.Release|Any CPU.ActiveCfg = Release|Any CPU
		{AD9AABD9-2EAA-4827-AA40-BF140548C22C}.Release|Any CPU.Build.0 = Release|Any CPU
		{182B6895-B82D-4E49-BD37-B950C224BB7C}.Debug|Any CPU.ActiveCfg = Debug|Any CPU
		{182B6895-B82D-4E49-BD37-B950C224BB7C}.Debug|Any CPU.Build.0 = Debug|Any CPU
		{182B6895-B82D-4E49-BD37-B950C224BB7C}.Release|Any CPU.ActiveCfg = Release|Any CPU
		{182B6895-B82D-4E49-BD37-B950C224BB7C}.Release|Any CPU.Build.0 = Release|Any CPU
		{5EDB6D9F-3D29-45B4-BBF8-A736641F6267}.Debug|Any CPU.ActiveCfg = Debug|Any CPU
		{5EDB6D9F-3D29-45B4-BBF8-A736641F6267}.Debug|Any CPU.Build.0 = Debug|Any CPU
		{5EDB6D9F-3D29-45B4-BBF8-A736641F6267}.Release|Any CPU.ActiveCfg = Release|Any CPU
		{5EDB6D9F-3D29-45B4-BBF8-A736641F6267}.Release|Any CPU.Build.0 = Release|Any CPU
		{EFCD1066-269C-4888-9F89-1234A3C9FAFB}.Debug|Any CPU.ActiveCfg = Debug|Any CPU
		{EFCD1066-269C-4888-9F89-1234A3C9FAFB}.Debug|Any CPU.Build.0 = Debug|Any CPU
		{EFCD1066-269C-4888-9F89-1234A3C9FAFB}.Release|Any CPU.ActiveCfg = Release|Any CPU
		{EFCD1066-269C-4888-9F89-1234A3C9FAFB}.Release|Any CPU.Build.0 = Release|Any CPU
		{CB0EF55D-6323-4C74-9483-B9EB38AB186C}.Debug|Any CPU.ActiveCfg = Debug|Any CPU
		{CB0EF55D-6323-4C74-9483-B9EB38AB186C}.Debug|Any CPU.Build.0 = Debug|Any CPU
		{CB0EF55D-6323-4C74-9483-B9EB38AB186C}.Release|Any CPU.ActiveCfg = Release|Any CPU
		{CB0EF55D-6323-4C74-9483-B9EB38AB186C}.Release|Any CPU.Build.0 = Release|Any CPU
		{6A4FC0FF-0631-4CDA-B04B-FC6A05B7D21A}.Debug|Any CPU.ActiveCfg = Debug|Any CPU
		{6A4FC0FF-0631-4CDA-B04B-FC6A05B7D21A}.Debug|Any CPU.Build.0 = Debug|Any CPU
		{6A4FC0FF-0631-4CDA-B04B-FC6A05B7D21A}.Release|Any CPU.ActiveCfg = Release|Any CPU
		{6A4FC0FF-0631-4CDA-B04B-FC6A05B7D21A}.Release|Any CPU.Build.0 = Release|Any CPU
		{9296F3C1-79EA-4C06-8079-5F9B68C4B84F}.Debug|Any CPU.ActiveCfg = Debug|Any CPU
		{9296F3C1-79EA-4C06-8079-5F9B68C4B84F}.Debug|Any CPU.Build.0 = Debug|Any CPU
		{9296F3C1-79EA-4C06-8079-5F9B68C4B84F}.Release|Any CPU.ActiveCfg = Release|Any CPU
		{9296F3C1-79EA-4C06-8079-5F9B68C4B84F}.Release|Any CPU.Build.0 = Release|Any CPU
		{DE4F798C-5EA3-4007-9065-AA242A33F1D9}.Debug|Any CPU.ActiveCfg = Debug|Any CPU
		{DE4F798C-5EA3-4007-9065-AA242A33F1D9}.Debug|Any CPU.Build.0 = Debug|Any CPU
		{DE4F798C-5EA3-4007-9065-AA242A33F1D9}.Release|Any CPU.ActiveCfg = Release|Any CPU
		{DE4F798C-5EA3-4007-9065-AA242A33F1D9}.Release|Any CPU.Build.0 = Release|Any CPU
		{693DCDCF-7FD1-4443-ABEE-C31CB4F8FA98}.Debug|Any CPU.ActiveCfg = Debug|Any CPU
		{693DCDCF-7FD1-4443-ABEE-C31CB4F8FA98}.Debug|Any CPU.Build.0 = Debug|Any CPU
		{693DCDCF-7FD1-4443-ABEE-C31CB4F8FA98}.Release|Any CPU.ActiveCfg = Release|Any CPU
		{693DCDCF-7FD1-4443-ABEE-C31CB4F8FA98}.Release|Any CPU.Build.0 = Release|Any CPU
		{5CEA29BA-AB8F-4712-97B8-F8E5F2C84600}.Debug|Any CPU.ActiveCfg = Debug|Any CPU
		{5CEA29BA-AB8F-4712-97B8-F8E5F2C84600}.Debug|Any CPU.Build.0 = Debug|Any CPU
		{5CEA29BA-AB8F-4712-97B8-F8E5F2C84600}.Release|Any CPU.ActiveCfg = Release|Any CPU
		{5CEA29BA-AB8F-4712-97B8-F8E5F2C84600}.Release|Any CPU.Build.0 = Release|Any CPU
		{5523B885-44DB-4854-A7AE-FC0C83F2A1B8}.Debug|Any CPU.ActiveCfg = Debug|Any CPU
		{5523B885-44DB-4854-A7AE-FC0C83F2A1B8}.Debug|Any CPU.Build.0 = Debug|Any CPU
		{5523B885-44DB-4854-A7AE-FC0C83F2A1B8}.Release|Any CPU.ActiveCfg = Release|Any CPU
		{5523B885-44DB-4854-A7AE-FC0C83F2A1B8}.Release|Any CPU.Build.0 = Release|Any CPU
		{F86271DC-D24F-43A5-B17B-A7178194B763}.Debug|Any CPU.ActiveCfg = Debug|Any CPU
		{F86271DC-D24F-43A5-B17B-A7178194B763}.Debug|Any CPU.Build.0 = Debug|Any CPU
		{F86271DC-D24F-43A5-B17B-A7178194B763}.Release|Any CPU.ActiveCfg = Release|Any CPU
		{F86271DC-D24F-43A5-B17B-A7178194B763}.Release|Any CPU.Build.0 = Release|Any CPU
		{48A17A96-E358-4F9F-A95A-D7D0674982E8}.Debug|Any CPU.ActiveCfg = Debug|Any CPU
		{48A17A96-E358-4F9F-A95A-D7D0674982E8}.Debug|Any CPU.Build.0 = Debug|Any CPU
		{48A17A96-E358-4F9F-A95A-D7D0674982E8}.Release|Any CPU.ActiveCfg = Release|Any CPU
		{48A17A96-E358-4F9F-A95A-D7D0674982E8}.Release|Any CPU.Build.0 = Release|Any CPU
		{8E30FA0B-C75B-4E7F-9501-3540EEB7CFBC}.Debug|Any CPU.ActiveCfg = Debug|Any CPU
		{8E30FA0B-C75B-4E7F-9501-3540EEB7CFBC}.Debug|Any CPU.Build.0 = Debug|Any CPU
		{8E30FA0B-C75B-4E7F-9501-3540EEB7CFBC}.Release|Any CPU.ActiveCfg = Release|Any CPU
		{8E30FA0B-C75B-4E7F-9501-3540EEB7CFBC}.Release|Any CPU.Build.0 = Release|Any CPU
		{3B85FD06-E6A8-43B5-9448-7B25C80D2D04}.Debug|Any CPU.ActiveCfg = Debug|Any CPU
		{3B85FD06-E6A8-43B5-9448-7B25C80D2D04}.Debug|Any CPU.Build.0 = Debug|Any CPU
		{3B85FD06-E6A8-43B5-9448-7B25C80D2D04}.Release|Any CPU.ActiveCfg = Release|Any CPU
		{3B85FD06-E6A8-43B5-9448-7B25C80D2D04}.Release|Any CPU.Build.0 = Release|Any CPU
		{A8BCB6DE-9397-4700-8F88-C9BF6462E978}.Debug|Any CPU.ActiveCfg = Debug|Any CPU
		{A8BCB6DE-9397-4700-8F88-C9BF6462E978}.Debug|Any CPU.Build.0 = Debug|Any CPU
		{A8BCB6DE-9397-4700-8F88-C9BF6462E978}.Release|Any CPU.ActiveCfg = Release|Any CPU
		{A8BCB6DE-9397-4700-8F88-C9BF6462E978}.Release|Any CPU.Build.0 = Release|Any CPU
		{FA84150D-8B3D-4AD5-B43C-67D7FB7643C3}.Debug|Any CPU.ActiveCfg = Debug|Any CPU
		{FA84150D-8B3D-4AD5-B43C-67D7FB7643C3}.Debug|Any CPU.Build.0 = Debug|Any CPU
		{FA84150D-8B3D-4AD5-B43C-67D7FB7643C3}.Release|Any CPU.ActiveCfg = Release|Any CPU
		{FA84150D-8B3D-4AD5-B43C-67D7FB7643C3}.Release|Any CPU.Build.0 = Release|Any CPU
		{ABE5A024-0DAC-4AB1-87AA-1A8FF1ED2A09}.Debug|Any CPU.ActiveCfg = Debug|Any CPU
		{ABE5A024-0DAC-4AB1-87AA-1A8FF1ED2A09}.Debug|Any CPU.Build.0 = Debug|Any CPU
		{ABE5A024-0DAC-4AB1-87AA-1A8FF1ED2A09}.Release|Any CPU.ActiveCfg = Release|Any CPU
		{ABE5A024-0DAC-4AB1-87AA-1A8FF1ED2A09}.Release|Any CPU.Build.0 = Release|Any CPU
		{549539BF-7148-46DD-A5AC-58CC1E9585D9}.Debug|Any CPU.ActiveCfg = Debug|Any CPU
		{549539BF-7148-46DD-A5AC-58CC1E9585D9}.Debug|Any CPU.Build.0 = Debug|Any CPU
		{549539BF-7148-46DD-A5AC-58CC1E9585D9}.Release|Any CPU.ActiveCfg = Release|Any CPU
		{549539BF-7148-46DD-A5AC-58CC1E9585D9}.Release|Any CPU.Build.0 = Release|Any CPU
		{799B3664-162F-413E-B263-B306D4FC96C0}.Debug|Any CPU.ActiveCfg = Debug|Any CPU
		{799B3664-162F-413E-B263-B306D4FC96C0}.Debug|Any CPU.Build.0 = Debug|Any CPU
		{799B3664-162F-413E-B263-B306D4FC96C0}.Release|Any CPU.ActiveCfg = Release|Any CPU
		{799B3664-162F-413E-B263-B306D4FC96C0}.Release|Any CPU.Build.0 = Release|Any CPU
		{1572475E-A686-487A-BADA-65E8E0AE674A}.Debug|Any CPU.ActiveCfg = Debug|Any CPU
		{1572475E-A686-487A-BADA-65E8E0AE674A}.Debug|Any CPU.Build.0 = Debug|Any CPU
		{1572475E-A686-487A-BADA-65E8E0AE674A}.Release|Any CPU.ActiveCfg = Release|Any CPU
		{1572475E-A686-487A-BADA-65E8E0AE674A}.Release|Any CPU.Build.0 = Release|Any CPU
		{12D8C063-D46E-4693-B634-93023290B21B}.Debug|Any CPU.ActiveCfg = Debug|Any CPU
		{12D8C063-D46E-4693-B634-93023290B21B}.Debug|Any CPU.Build.0 = Debug|Any CPU
		{12D8C063-D46E-4693-B634-93023290B21B}.Release|Any CPU.ActiveCfg = Release|Any CPU
		{12D8C063-D46E-4693-B634-93023290B21B}.Release|Any CPU.Build.0 = Release|Any CPU
		{17528CDC-92E4-439B-BCED-869AD722489F}.Debug|Any CPU.ActiveCfg = Debug|Any CPU
		{17528CDC-92E4-439B-BCED-869AD722489F}.Debug|Any CPU.Build.0 = Debug|Any CPU
		{17528CDC-92E4-439B-BCED-869AD722489F}.Release|Any CPU.ActiveCfg = Release|Any CPU
		{17528CDC-92E4-439B-BCED-869AD722489F}.Release|Any CPU.Build.0 = Release|Any CPU
	EndGlobalSection
	GlobalSection(SolutionProperties) = preSolution
		HideSolutionNode = FALSE
	EndGlobalSection
	GlobalSection(NestedProjects) = preSolution
		{7E507D00-9ED4-4F3E-B90F-7612625D4F39} = {87B45768-9898-4058-BF19-6699C5B5F954}
		{3528321D-184B-41CE-B5CB-A0A10CECB650} = {87B45768-9898-4058-BF19-6699C5B5F954}
		{BCA9A4F3-CBAC-4F8B-A664-072B10602891} = {87B45768-9898-4058-BF19-6699C5B5F954}
		{1E4C397D-0705-4DA4-B803-7409653BE97C} = {87B45768-9898-4058-BF19-6699C5B5F954}
		{0BD6EC58-6E1B-4DA7-9894-0E7F3B8272A2} = {87B45768-9898-4058-BF19-6699C5B5F954}
		{23626C4F-FB81-4396-B746-5C781DFB17B6} = {87B45768-9898-4058-BF19-6699C5B5F954}
		{C25B2A9D-CD5D-4A1E-95F4-23D652B40811} = {87B45768-9898-4058-BF19-6699C5B5F954}
		{885E1794-42ED-413C-80B1-834AFE4E7DEF} = {87B45768-9898-4058-BF19-6699C5B5F954}
		{7D9B0E79-2428-46E4-A2DA-E38BDEE1F7F9} = {87B45768-9898-4058-BF19-6699C5B5F954}
		{2C11443C-906C-423E-8705-A5B8AD1BD333} = {87B45768-9898-4058-BF19-6699C5B5F954}
		{3A6B7B4D-C7FC-43A2-9DB5-1B787CB21B22} = {87B45768-9898-4058-BF19-6699C5B5F954}
		{C30A4CD6-4F39-451A-986C-D064CB65A836} = {87B45768-9898-4058-BF19-6699C5B5F954}
		{CB5AC77D-242F-43D1-AB4D-05182856D5E6} = {87B45768-9898-4058-BF19-6699C5B5F954}
		{E4328706-AB94-4570-870F-5465408EB913} = {87B45768-9898-4058-BF19-6699C5B5F954}
		{4A0EF607-4A1F-49B5-8DED-2D1288F4065E} = {87B45768-9898-4058-BF19-6699C5B5F954}
		{6C309DFC-7201-4F82-BEFB-C9507699120E} = {87B45768-9898-4058-BF19-6699C5B5F954}
		{CD4A1588-726C-4989-97FB-314552A2C10F} = {BD068E46-16F1-4C42-87F6-07A136681A63}
		{B73E194E-8503-45D6-BADE-FFAF17CB9BEF} = {BD068E46-16F1-4C42-87F6-07A136681A63}
		{C296459B-5892-48EC-BEC7-00650E4C7F49} = {BD068E46-16F1-4C42-87F6-07A136681A63}
		{39FC7E52-F222-4438-AAA0-2B836C56F07F} = {BD068E46-16F1-4C42-87F6-07A136681A63}
		{5793E957-0919-4FE0-BE33-4E55B53AE4CD} = {BD068E46-16F1-4C42-87F6-07A136681A63}
		{F0619346-D2AC-48A1-A125-E1CBC368D74A} = {BD068E46-16F1-4C42-87F6-07A136681A63}
		{B26E5F2B-B976-4456-9762-7F9591E3EB84} = {CAA5A0CC-EFD6-41DC-A683-B85F45EC23A3}
		{3C909FBC-DDD0-4CE3-A3F4-548AE1B74CC4} = {CAA5A0CC-EFD6-41DC-A683-B85F45EC23A3}
		{215FCE18-230A-4299-9A92-C4A87CB93256} = {CAA5A0CC-EFD6-41DC-A683-B85F45EC23A3}
		{51CBA1BB-AE5E-462B-985D-EA85D307299E} = {CAA5A0CC-EFD6-41DC-A683-B85F45EC23A3}
		{F98544BB-D15D-4BD9-9BE8-97FCC5DD444F} = {CAA5A0CC-EFD6-41DC-A683-B85F45EC23A3}
		{85EFD17C-4406-4425-9DF2-ECADE71FD80D} = {447781A1-475A-46F0-B31A-2006246AB1B2}
		{1E3D3829-56DA-4A35-AE29-2A9D81897A2C} = {447781A1-475A-46F0-B31A-2006246AB1B2}
		{9023E380-CAD2-49B2-A4B7-302246089139} = {447781A1-475A-46F0-B31A-2006246AB1B2}
		{A8784F8B-1544-4071-908A-D2C0B8E1889E} = {447781A1-475A-46F0-B31A-2006246AB1B2}
		{3BBF1297-1585-4170-BEEE-64A4D6FBBC2D} = {447781A1-475A-46F0-B31A-2006246AB1B2}
		{D3D33AA7-BB14-49FE-B371-BB7D7CC81E8D} = {447781A1-475A-46F0-B31A-2006246AB1B2}
		{9093A87A-6B5F-47F6-8884-153D6FEA7B21} = {447781A1-475A-46F0-B31A-2006246AB1B2}
		{5A18B05E-40CA-40C1-B7E8-6A418C095215} = {447781A1-475A-46F0-B31A-2006246AB1B2}
		{3308FB72-B50C-443A-B690-8989A1A68FCB} = {447781A1-475A-46F0-B31A-2006246AB1B2}
		{67B7F312-6F14-468E-80E4-E374C4D73532} = {447781A1-475A-46F0-B31A-2006246AB1B2}
		{EABD0AD3-F90D-4C6B-9F8D-A435A99004E5} = {447781A1-475A-46F0-B31A-2006246AB1B2}
		{C112E871-7F95-4671-8EEA-71FCDA41F40C} = {447781A1-475A-46F0-B31A-2006246AB1B2}
		{36701986-56A8-49DD-BA53-1F8444504A6F} = {447781A1-475A-46F0-B31A-2006246AB1B2}
		{8CE4DD8C-C134-4213-B23B-75F9CE741727} = {447781A1-475A-46F0-B31A-2006246AB1B2}
		{A59FA05B-47B6-4E3B-AA9B-9527B6BC5763} = {167A8F97-8736-4098-9DCD-49E98E14A120}
		{3FB803C8-8ECE-4018-9DD4-4CF43686EDD9} = {167A8F97-8736-4098-9DCD-49E98E14A120}
		{BE37B41A-C31A-4491-9347-8452980DCC10} = {167A8F97-8736-4098-9DCD-49E98E14A120}
		{AD9AABD9-2EAA-4827-AA40-BF140548C22C} = {167A8F97-8736-4098-9DCD-49E98E14A120}
		{182B6895-B82D-4E49-BD37-B950C224BB7C} = {167A8F97-8736-4098-9DCD-49E98E14A120}
		{5EDB6D9F-3D29-45B4-BBF8-A736641F6267} = {167A8F97-8736-4098-9DCD-49E98E14A120}
		{EFCD1066-269C-4888-9F89-1234A3C9FAFB} = {167A8F97-8736-4098-9DCD-49E98E14A120}
		{CB0EF55D-6323-4C74-9483-B9EB38AB186C} = {167A8F97-8736-4098-9DCD-49E98E14A120}
		{6A4FC0FF-0631-4CDA-B04B-FC6A05B7D21A} = {167A8F97-8736-4098-9DCD-49E98E14A120}
		{9296F3C1-79EA-4C06-8079-5F9B68C4B84F} = {6EEB2161-4EF0-4618-BDCB-6879657C7434}
		{DE4F798C-5EA3-4007-9065-AA242A33F1D9} = {6EEB2161-4EF0-4618-BDCB-6879657C7434}
		{693DCDCF-7FD1-4443-ABEE-C31CB4F8FA98} = {6EEB2161-4EF0-4618-BDCB-6879657C7434}
		{5CEA29BA-AB8F-4712-97B8-F8E5F2C84600} = {6EEB2161-4EF0-4618-BDCB-6879657C7434}
		{5523B885-44DB-4854-A7AE-FC0C83F2A1B8} = {6EEB2161-4EF0-4618-BDCB-6879657C7434}
		{F86271DC-D24F-43A5-B17B-A7178194B763} = {6EEB2161-4EF0-4618-BDCB-6879657C7434}
		{48A17A96-E358-4F9F-A95A-D7D0674982E8} = {6EEB2161-4EF0-4618-BDCB-6879657C7434}
		{8E30FA0B-C75B-4E7F-9501-3540EEB7CFBC} = {6EEB2161-4EF0-4618-BDCB-6879657C7434}
		{3B85FD06-E6A8-43B5-9448-7B25C80D2D04} = {6EEB2161-4EF0-4618-BDCB-6879657C7434}
		{A8BCB6DE-9397-4700-8F88-C9BF6462E978} = {6EEB2161-4EF0-4618-BDCB-6879657C7434}
		{FA84150D-8B3D-4AD5-B43C-67D7FB7643C3} = {6EEB2161-4EF0-4618-BDCB-6879657C7434}
		{ABE5A024-0DAC-4AB1-87AA-1A8FF1ED2A09} = {6EEB2161-4EF0-4618-BDCB-6879657C7434}
		{549539BF-7148-46DD-A5AC-58CC1E9585D9} = {6EEB2161-4EF0-4618-BDCB-6879657C7434}
		{799B3664-162F-413E-B263-B306D4FC96C0} = {0629B044-1376-470F-95CE-B44B637F356D}
		{1572475E-A686-487A-BADA-65E8E0AE674A} = {0629B044-1376-470F-95CE-B44B637F356D}
		{12D8C063-D46E-4693-B634-93023290B21B} = {0629B044-1376-470F-95CE-B44B637F356D}
		{17528CDC-92E4-439B-BCED-869AD722489F} = {0629B044-1376-470F-95CE-B44B637F356D}
	EndGlobalSection
	GlobalSection(ExtensibilityGlobals) = postSolution
		SolutionGuid = {20FC0474-F266-4857-B7FB-87B124BE7BC3}
	EndGlobalSection
EndGlobal
