
Microsoft Visual Studio Solution File, Format Version 12.00
# Visual Studio Version 17
VisualStudioVersion = 17.5.002.0
MinimumVisualStudioVersion = 10.0.40219.1
Project("{2150E333-8FDC-42A3-9474-1A3956D46DE8}") = "csharp-arrays_lists_dictionaries", "csharp-arrays_lists_dictionaries", "{29298737-D6D9-471B-8452-7CE1649054AA}"
EndProject
Project("{9A19103F-16F7-4668-BE54-9A1E7A4F7556}") = "0-print_array", "csharp-arrays_lists_dictionaries\0-print_array\0-print_array.csproj", "{6979E9A2-CE65-4085-9C0C-788C4A6A3200}"
EndProject
Project("{9A19103F-16F7-4668-BE54-9A1E7A4F7556}") = "1-element_at", "csharp-arrays_lists_dictionaries\1-element_at\1-element_at.csproj", "{329C38D1-F39C-4C61-89DE-5CDA8AD0423E}"
EndProject
Project("{9A19103F-16F7-4668-BE54-9A1E7A4F7556}") = "10-delete_key_value", "csharp-arrays_lists_dictionaries\10-delete_key_value\10-delete_key_value.csproj", "{E2C5B912-F5D1-45B3-8A52-6CF7A21680B3}"
EndProject
Project("{9A19103F-16F7-4668-BE54-9A1E7A4F7556}") = "11-multiply_by_2", "csharp-arrays_lists_dictionaries\11-multiply_by_2\11-multiply_by_2.csproj", "{AF6AE94F-9FC9-42DD-9FAC-2C51FD75D7E8}"
EndProject
Project("{9A19103F-16F7-4668-BE54-9A1E7A4F7556}") = "12-print_sorted_dictionary", "csharp-arrays_lists_dictionaries\12-print_sorted_dictionary\12-print_sorted_dictionary.csproj", "{51AE4F09-17EF-4849-BDF5-925398F364BC}"
EndProject
Project("{9A19103F-16F7-4668-BE54-9A1E7A4F7556}") = "13-best_score", "csharp-arrays_lists_dictionaries\13-best_score\13-best_score.csproj", "{EAC7D7DA-FC9D-42E0-B528-00777C82F382}"
EndProject
Project("{9A19103F-16F7-4668-BE54-9A1E7A4F7556}") = "14-rectangular_array", "csharp-arrays_lists_dictionaries\14-rectangular_array\14-rectangular_array.csproj", "{EBC1023F-1373-4201-AEAE-3DB57B3922BF}"
EndProject
Project("{9A19103F-16F7-4668-BE54-9A1E7A4F7556}") = "15-square_matrix", "csharp-arrays_lists_dictionaries\15-square_matrix\15-square_matrix.csproj", "{460926DA-7C70-4883-A18D-A0141032A3D6}"
EndProject
Project("{9A19103F-16F7-4668-BE54-9A1E7A4F7556}") = "2-replace_element", "csharp-arrays_lists_dictionaries\2-replace_element\2-replace_element.csproj", "{7AB136A1-420B-42BF-A29A-838AA773D72D}"
EndProject
Project("{9A19103F-16F7-4668-BE54-9A1E7A4F7556}") = "3-print_array_reverse", "csharp-arrays_lists_dictionaries\3-print_array_reverse\3-print_array_reverse.csproj", "{015C8F58-2767-412F-A992-4FEA0411B24E}"
EndProject
Project("{9A19103F-16F7-4668-BE54-9A1E7A4F7556}") = "4-print_list", "csharp-arrays_lists_dictionaries\4-print_list\4-print_list.csproj", "{1F3E083C-A13B-4E63-83FF-1C910DCF9D8C}"
EndProject
Project("{9A19103F-16F7-4668-BE54-9A1E7A4F7556}") = "5-max_integer", "csharp-arrays_lists_dictionaries\5-max_integer\5-max_integer.csproj", "{11AB0F08-CF24-46EE-AEA8-6CB1041A8699}"
EndProject
Project("{9A19103F-16F7-4668-BE54-9A1E7A4F7556}") = "6-divisible_by_2", "csharp-arrays_lists_dictionaries\6-divisible_by_2\6-divisible_by_2.csproj", "{DBE9814A-C864-4EE4-8775-C539F5AB038C}"
EndProject
Project("{9A19103F-16F7-4668-BE54-9A1E7A4F7556}") = "7-delete_at", "csharp-arrays_lists_dictionaries\7-delete_at\7-delete_at.csproj", "{9BC03F4A-E54D-4762-BAC0-6959BE0B8C38}"
EndProject
Project("{9A19103F-16F7-4668-BE54-9A1E7A4F7556}") = "8-number_keys", "csharp-arrays_lists_dictionaries\8-number_keys\8-number_keys.csproj", "{AADD4DC2-8163-43AD-A0F8-9E433507FD46}"
EndProject
Project("{9A19103F-16F7-4668-BE54-9A1E7A4F7556}") = "9-add_key_value", "csharp-arrays_lists_dictionaries\9-add_key_value\9-add_key_value.csproj", "{EB088165-9BE4-4F46-BB8B-68C08BF85DE0}"
EndProject
Project("{2150E333-8FDC-42A3-9474-1A3956D46DE8}") = "csharp-exceptions", "csharp-exceptions", "{FE50D6AD-762E-4914-BFA7-057EB7EFBE73}"
EndProject
Project("{9A19103F-16F7-4668-BE54-9A1E7A4F7556}") = "0-safe_list_print", "csharp-exceptions\0-safe_list_print\0-safe_list_print.csproj", "{88EFF4F8-11BF-4FD7-A3AD-64916350B263}"
EndProject
Project("{9A19103F-16F7-4668-BE54-9A1E7A4F7556}") = "1-divide_print", "csharp-exceptions\1-divide_print\1-divide_print.csproj", "{E56B4B69-3830-45A6-BA9B-226DE4163B73}"
EndProject
Project("{9A19103F-16F7-4668-BE54-9A1E7A4F7556}") = "2-divide_lists", "csharp-exceptions\2-divide_lists\2-divide_lists.csproj", "{26D4DF7B-428B-415B-B820-EE226AA493A0}"
EndProject
Project("{9A19103F-16F7-4668-BE54-9A1E7A4F7556}") = "3-throw_exception", "csharp-exceptions\3-throw_exception\3-throw_exception.csproj", "{D34B069E-7BFB-466E-AFAE-B468DF50FB52}"
EndProject
Project("{9A19103F-16F7-4668-BE54-9A1E7A4F7556}") = "4-throw_exception_msg", "csharp-exceptions\4-throw_exception_msg\4-throw_exception_msg.csproj", "{5315FD57-9BF8-428C-8F29-F37B7AA03A04}"
EndProject
Project("{2150E333-8FDC-42A3-9474-1A3956D46DE8}") = "csharp-hashset_stack_queue_linkedlist", "csharp-hashset_stack_queue_linkedlist", "{160C0C43-ADB1-472D-B664-8B5B45A6FD7D}"
EndProject
Project("{9A19103F-16F7-4668-BE54-9A1E7A4F7556}") = "0-unique_add", "csharp-hashset_stack_queue_linkedlist\0-unique_add\0-unique_add.csproj", "{6211E42C-7662-47E1-B800-FD871424FCBA}"
EndProject
Project("{9A19103F-16F7-4668-BE54-9A1E7A4F7556}") = "1-common_elements", "csharp-hashset_stack_queue_linkedlist\1-common_elements\1-common_elements.csproj", "{0B587F83-A05E-4361-BF97-3C91D8DDF155}"
EndProject
Project("{9A19103F-16F7-4668-BE54-9A1E7A4F7556}") = "10-linkedlist_get_node", "csharp-hashset_stack_queue_linkedlist\10-linkedlist_get_node\10-linkedlist_get_node.csproj", "{2861A603-8359-4642-B58C-3291168CDB1F}"
EndProject
Project("{9A19103F-16F7-4668-BE54-9A1E7A4F7556}") = "11-linkedlist_sum", "csharp-hashset_stack_queue_linkedlist\11-linkedlist_sum\11-linkedlist_sum.csproj", "{E50BB904-CC5A-43BA-841F-8B988351A4E1}"
EndProject
Project("{9A19103F-16F7-4668-BE54-9A1E7A4F7556}") = "12-linkedlist_insert", "csharp-hashset_stack_queue_linkedlist\12-linkedlist_insert\12-linkedlist_insert.csproj", "{350B3C0B-EBCD-4FF4-A79A-024291B87F0E}"
EndProject
Project("{9A19103F-16F7-4668-BE54-9A1E7A4F7556}") = "13-linkedlist_delete", "csharp-hashset_stack_queue_linkedlist\13-linkedlist_delete\13-linkedlist_delete.csproj", "{9BC83203-26A4-4619-949F-55FB58CAE081}"
EndProject
Project("{9A19103F-16F7-4668-BE54-9A1E7A4F7556}") = "2-different_elements", "csharp-hashset_stack_queue_linkedlist\2-different_elements\2-different_elements.csproj", "{1EE095BB-E7B4-4C24-84A5-148997E2FC2C}"
EndProject
Project("{9A19103F-16F7-4668-BE54-9A1E7A4F7556}") = "3-stack_push_pop", "csharp-hashset_stack_queue_linkedlist\3-stack_push_pop\3-stack_push_pop.csproj", "{88CA0C8F-0FB9-4AFB-87D8-153678A6A58A}"
EndProject
Project("{9A19103F-16F7-4668-BE54-9A1E7A4F7556}") = "4-queue_enqueue_dequeue", "csharp-hashset_stack_queue_linkedlist\4-queue_enqueue_dequeue\4-queue_enqueue_dequeue.csproj", "{3404D093-F3E4-4136-B09A-362A601E62AD}"
EndProject
Project("{9A19103F-16F7-4668-BE54-9A1E7A4F7556}") = "5-print_linkedlist", "csharp-hashset_stack_queue_linkedlist\5-print_linkedlist\5-print_linkedlist.csproj", "{20D6F846-AEDD-420D-BF10-3C6B24F8B08D}"
EndProject
Project("{9A19103F-16F7-4668-BE54-9A1E7A4F7556}") = "6-linkedlist_length", "csharp-hashset_stack_queue_linkedlist\6-linkedlist_length\6-linkedlist_length.csproj", "{587733FE-A578-4522-A1BC-FC5319E1B8FF}"
EndProject
Project("{9A19103F-16F7-4668-BE54-9A1E7A4F7556}") = "7-linkedlist_add", "csharp-hashset_stack_queue_linkedlist\7-linkedlist_add\7-linkedlist_add.csproj", "{B4F016C8-4005-4DBE-865C-FBE8EEAF80E2}"
EndProject
Project("{9A19103F-16F7-4668-BE54-9A1E7A4F7556}") = "8-linkedlist_find", "csharp-hashset_stack_queue_linkedlist\8-linkedlist_find\8-linkedlist_find.csproj", "{19821D7D-30EF-424D-AA76-0C0EE2F95A9B}"
EndProject
Project("{9A19103F-16F7-4668-BE54-9A1E7A4F7556}") = "9-linkedlist_pop", "csharp-hashset_stack_queue_linkedlist\9-linkedlist_pop\9-linkedlist_pop.csproj", "{B70CC309-978D-469F-A850-9B59E9C264BF}"
EndProject
Project("{2150E333-8FDC-42A3-9474-1A3956D46DE8}") = "csharp-hello_world", "csharp-hello_world", "{D9F8A3EA-BC6E-459A-A84C-2E4EA7D52BDE}"
EndProject
Project("{9A19103F-16F7-4668-BE54-9A1E7A4F7556}") = "10-copy_cut_paste", "csharp-hello_world\10-copy_cut_paste\10-copy_cut_paste.csproj", "{53B9F4D7-C679-43BF-9DAA-7B3225A2445D}"
EndProject
Project("{9A19103F-16F7-4668-BE54-9A1E7A4F7556}") = "11-concat_edges", "csharp-hello_world\11-concat_edges\11-concat_edges.csproj", "{619A1B3B-C67C-482B-94EC-5C75131E1EEA}"
EndProject
Project("{9A19103F-16F7-4668-BE54-9A1E7A4F7556}") = "3-writeline", "csharp-hello_world\3-writeline\3-writeline.csproj", "{DBBEB069-027A-4C4B-A68B-9529837EAE80}"
EndProject
Project("{9A19103F-16F7-4668-BE54-9A1E7A4F7556}") = "4-print_integer", "csharp-hello_world\4-print_integer\4-print_integer.csproj", "{3B0D1CC6-BE39-4E32-8961-10607A563110}"
EndProject
Project("{9A19103F-16F7-4668-BE54-9A1E7A4F7556}") = "5-print_float", "csharp-hello_world\5-print_float\5-print_float.csproj", "{E08B38AC-4B67-42D6-BFCF-9ABC6B716EB0}"
EndProject
Project("{9A19103F-16F7-4668-BE54-9A1E7A4F7556}") = "6-print_string", "csharp-hello_world\6-print_string\6-print_string.csproj", "{59525046-C778-488C-960C-41FFA1137559}"
EndProject
Project("{9A19103F-16F7-4668-BE54-9A1E7A4F7556}") = "7-concat", "csharp-hello_world\7-concat\7-concat.csproj", "{342F46A0-D1F1-4841-870B-FD0843A2257A}"
EndProject
Project("{9A19103F-16F7-4668-BE54-9A1E7A4F7556}") = "8-print_variables", "csharp-hello_world\8-print_variables\8-print_variables.csproj", "{48AD8898-4880-48EF-867D-FA867D8C5BB1}"
EndProject
Project("{9A19103F-16F7-4668-BE54-9A1E7A4F7556}") = "9-print_specifiers", "csharp-hello_world\9-print_specifiers\9-print_specifiers.csproj", "{CE43E546-28C3-4250-BF26-D86BAB5B29E0}"
EndProject
Project("{2150E333-8FDC-42A3-9474-1A3956D46DE8}") = "csharp-ifelse_loops_methods", "csharp-ifelse_loops_methods", "{C93DCDC2-A50E-464C-AE1C-0273A7B729FC}"
EndProject
Project("{9A19103F-16F7-4668-BE54-9A1E7A4F7556}") = "0-positive_or_negative", "csharp-ifelse_loops_methods\0-positive_or_negative\0-positive_or_negative.csproj", "{0D829B48-F050-4E35-B89F-4009B41C4E64}"
EndProject
Project("{9A19103F-16F7-4668-BE54-9A1E7A4F7556}") = "1-last_digit", "csharp-ifelse_loops_methods\1-last_digit\1-last_digit.csproj", "{04D8D92D-FDEC-4D5F-8819-E2FB659A57F7}"
EndProject
Project("{9A19103F-16F7-4668-BE54-9A1E7A4F7556}") = "10-print_line", "csharp-ifelse_loops_methods\10-print_line\10-print_line.csproj", "{369C3E99-8F54-41E8-B109-6614F98AD8DA}"
EndProject
Project("{9A19103F-16F7-4668-BE54-9A1E7A4F7556}") = "11-print_diagonal", "csharp-ifelse_loops_methods\11-print_diagonal\11-print_diagonal.csproj", "{97864410-4F63-4376-BE1E-6C8BA8FF2191}"
EndProject
Project("{9A19103F-16F7-4668-BE54-9A1E7A4F7556}") = "12-fizzbuzz", "csharp-ifelse_loops_methods\12-fizzbuzz\12-fizzbuzz.csproj", "{22D5071C-9BE8-467E-A4F1-6B5EC51B9F23}"
EndProject
Project("{9A19103F-16F7-4668-BE54-9A1E7A4F7556}") = "2-print_alphabet", "csharp-ifelse_loops_methods\2-print_alphabet\2-print_alphabet.csproj", "{C07DBE14-56D6-43B3-A8D1-15EE256C8BE1}"
EndProject
Project("{9A19103F-16F7-4668-BE54-9A1E7A4F7556}") = "3-print_alphabt", "csharp-ifelse_loops_methods\3-print_alphabt\3-print_alphabt.csproj", "{1F41CCBE-ECA5-4738-8940-DFC3C1CB3470}"
EndProject
Project("{9A19103F-16F7-4668-BE54-9A1E7A4F7556}") = "4-print_hexa", "csharp-ifelse_loops_methods\4-print_hexa\4-print_hexa.csproj", "{2BB3238C-3A2C-4C5E-AC8F-3C84589D13EC}"
EndProject
Project("{9A19103F-16F7-4668-BE54-9A1E7A4F7556}") = "5-print_comb", "csharp-ifelse_loops_methods\5-print_comb\5-print_comb.csproj", "{72C936DF-E405-4198-9B5C-6672AC619788}"
EndProject
Project("{9A19103F-16F7-4668-BE54-9A1E7A4F7556}") = "6-print_comb2", "csharp-ifelse_loops_methods\6-print_comb2\6-print_comb2.csproj", "{4EEF1939-1B95-498B-ABB7-5846030492BD}"
EndProject
Project("{9A19103F-16F7-4668-BE54-9A1E7A4F7556}") = "7-islower", "csharp-ifelse_loops_methods\7-islower\7-islower.csproj", "{AE6E7FE3-71C2-4DAE-BEA2-F73680F7FD60}"
EndProject
Project("{9A19103F-16F7-4668-BE54-9A1E7A4F7556}") = "8-print_last_digit", "csharp-ifelse_loops_methods\8-print_last_digit\8-print_last_digit.csproj", "{990095C0-B287-41AB-88AB-98F0FCBA2480}"
EndProject
Project("{9A19103F-16F7-4668-BE54-9A1E7A4F7556}") = "9-add", "csharp-ifelse_loops_methods\9-add\9-add.csproj", "{17BEBED5-FDBA-4B33-A37D-6E677FEA2C17}"
EndProject
Project("{2150E333-8FDC-42A3-9474-1A3956D46DE8}") = "csharp-structs_enums", "csharp-structs_enums", "{0A1BF9F5-AB27-4159-8A23-9A217D628B4E}"
EndProject
Project("{9A19103F-16F7-4668-BE54-9A1E7A4F7556}") = "0-dog", "csharp-structs_enums\0-dog\0-dog.csproj", "{4BD3FA2C-C582-43B2-B556-72B4055FCE9D}"
EndProject
Project("{9A19103F-16F7-4668-BE54-9A1E7A4F7556}") = "1-dog", "csharp-structs_enums\1-dog\1-dog.csproj", "{C296D8E0-8CA9-4E7E-A70A-CC29E2E321E9}"
EndProject
Project("{9A19103F-16F7-4668-BE54-9A1E7A4F7556}") = "2-dog", "csharp-structs_enums\2-dog\2-dog.csproj", "{A7E3BE6E-1214-4A0F-A7BA-2FB657FC1EC3}"
EndProject
Project("{9A19103F-16F7-4668-BE54-9A1E7A4F7556}") = "3-dog", "csharp-structs_enums\3-dog\3-dog.csproj", "{7F41376F-930B-4733-81AA-AD43D0467508}"
EndProject
Global
	GlobalSection(SolutionConfigurationPlatforms) = preSolution
		Debug|Any CPU = Debug|Any CPU
		Release|Any CPU = Release|Any CPU
	EndGlobalSection
	GlobalSection(ProjectConfigurationPlatforms) = postSolution
		{6979E9A2-CE65-4085-9C0C-788C4A6A3200}.Debug|Any CPU.ActiveCfg = Debug|Any CPU
		{6979E9A2-CE65-4085-9C0C-788C4A6A3200}.Debug|Any CPU.Build.0 = Debug|Any CPU
		{6979E9A2-CE65-4085-9C0C-788C4A6A3200}.Release|Any CPU.ActiveCfg = Release|Any CPU
		{6979E9A2-CE65-4085-9C0C-788C4A6A3200}.Release|Any CPU.Build.0 = Release|Any CPU
		{329C38D1-F39C-4C61-89DE-5CDA8AD0423E}.Debug|Any CPU.ActiveCfg = Debug|Any CPU
		{329C38D1-F39C-4C61-89DE-5CDA8AD0423E}.Debug|Any CPU.Build.0 = Debug|Any CPU
		{329C38D1-F39C-4C61-89DE-5CDA8AD0423E}.Release|Any CPU.ActiveCfg = Release|Any CPU
		{329C38D1-F39C-4C61-89DE-5CDA8AD0423E}.Release|Any CPU.Build.0 = Release|Any CPU
		{E2C5B912-F5D1-45B3-8A52-6CF7A21680B3}.Debug|Any CPU.ActiveCfg = Debug|Any CPU
		{E2C5B912-F5D1-45B3-8A52-6CF7A21680B3}.Debug|Any CPU.Build.0 = Debug|Any CPU
		{E2C5B912-F5D1-45B3-8A52-6CF7A21680B3}.Release|Any CPU.ActiveCfg = Release|Any CPU
		{E2C5B912-F5D1-45B3-8A52-6CF7A21680B3}.Release|Any CPU.Build.0 = Release|Any CPU
		{AF6AE94F-9FC9-42DD-9FAC-2C51FD75D7E8}.Debug|Any CPU.ActiveCfg = Debug|Any CPU
		{AF6AE94F-9FC9-42DD-9FAC-2C51FD75D7E8}.Debug|Any CPU.Build.0 = Debug|Any CPU
		{AF6AE94F-9FC9-42DD-9FAC-2C51FD75D7E8}.Release|Any CPU.ActiveCfg = Release|Any CPU
		{AF6AE94F-9FC9-42DD-9FAC-2C51FD75D7E8}.Release|Any CPU.Build.0 = Release|Any CPU
		{51AE4F09-17EF-4849-BDF5-925398F364BC}.Debug|Any CPU.ActiveCfg = Debug|Any CPU
		{51AE4F09-17EF-4849-BDF5-925398F364BC}.Debug|Any CPU.Build.0 = Debug|Any CPU
		{51AE4F09-17EF-4849-BDF5-925398F364BC}.Release|Any CPU.ActiveCfg = Release|Any CPU
		{51AE4F09-17EF-4849-BDF5-925398F364BC}.Release|Any CPU.Build.0 = Release|Any CPU
		{EAC7D7DA-FC9D-42E0-B528-00777C82F382}.Debug|Any CPU.ActiveCfg = Debug|Any CPU
		{EAC7D7DA-FC9D-42E0-B528-00777C82F382}.Debug|Any CPU.Build.0 = Debug|Any CPU
		{EAC7D7DA-FC9D-42E0-B528-00777C82F382}.Release|Any CPU.ActiveCfg = Release|Any CPU
		{EAC7D7DA-FC9D-42E0-B528-00777C82F382}.Release|Any CPU.Build.0 = Release|Any CPU
		{EBC1023F-1373-4201-AEAE-3DB57B3922BF}.Debug|Any CPU.ActiveCfg = Debug|Any CPU
		{EBC1023F-1373-4201-AEAE-3DB57B3922BF}.Debug|Any CPU.Build.0 = Debug|Any CPU
		{EBC1023F-1373-4201-AEAE-3DB57B3922BF}.Release|Any CPU.ActiveCfg = Release|Any CPU
		{EBC1023F-1373-4201-AEAE-3DB57B3922BF}.Release|Any CPU.Build.0 = Release|Any CPU
		{460926DA-7C70-4883-A18D-A0141032A3D6}.Debug|Any CPU.ActiveCfg = Debug|Any CPU
		{460926DA-7C70-4883-A18D-A0141032A3D6}.Debug|Any CPU.Build.0 = Debug|Any CPU
		{460926DA-7C70-4883-A18D-A0141032A3D6}.Release|Any CPU.ActiveCfg = Release|Any CPU
		{460926DA-7C70-4883-A18D-A0141032A3D6}.Release|Any CPU.Build.0 = Release|Any CPU
		{7AB136A1-420B-42BF-A29A-838AA773D72D}.Debug|Any CPU.ActiveCfg = Debug|Any CPU
		{7AB136A1-420B-42BF-A29A-838AA773D72D}.Debug|Any CPU.Build.0 = Debug|Any CPU
		{7AB136A1-420B-42BF-A29A-838AA773D72D}.Release|Any CPU.ActiveCfg = Release|Any CPU
		{7AB136A1-420B-42BF-A29A-838AA773D72D}.Release|Any CPU.Build.0 = Release|Any CPU
		{015C8F58-2767-412F-A992-4FEA0411B24E}.Debug|Any CPU.ActiveCfg = Debug|Any CPU
		{015C8F58-2767-412F-A992-4FEA0411B24E}.Debug|Any CPU.Build.0 = Debug|Any CPU
		{015C8F58-2767-412F-A992-4FEA0411B24E}.Release|Any CPU.ActiveCfg = Release|Any CPU
		{015C8F58-2767-412F-A992-4FEA0411B24E}.Release|Any CPU.Build.0 = Release|Any CPU
		{1F3E083C-A13B-4E63-83FF-1C910DCF9D8C}.Debug|Any CPU.ActiveCfg = Debug|Any CPU
		{1F3E083C-A13B-4E63-83FF-1C910DCF9D8C}.Debug|Any CPU.Build.0 = Debug|Any CPU
		{1F3E083C-A13B-4E63-83FF-1C910DCF9D8C}.Release|Any CPU.ActiveCfg = Release|Any CPU
		{1F3E083C-A13B-4E63-83FF-1C910DCF9D8C}.Release|Any CPU.Build.0 = Release|Any CPU
		{11AB0F08-CF24-46EE-AEA8-6CB1041A8699}.Debug|Any CPU.ActiveCfg = Debug|Any CPU
		{11AB0F08-CF24-46EE-AEA8-6CB1041A8699}.Debug|Any CPU.Build.0 = Debug|Any CPU
		{11AB0F08-CF24-46EE-AEA8-6CB1041A8699}.Release|Any CPU.ActiveCfg = Release|Any CPU
		{11AB0F08-CF24-46EE-AEA8-6CB1041A8699}.Release|Any CPU.Build.0 = Release|Any CPU
		{DBE9814A-C864-4EE4-8775-C539F5AB038C}.Debug|Any CPU.ActiveCfg = Debug|Any CPU
		{DBE9814A-C864-4EE4-8775-C539F5AB038C}.Debug|Any CPU.Build.0 = Debug|Any CPU
		{DBE9814A-C864-4EE4-8775-C539F5AB038C}.Release|Any CPU.ActiveCfg = Release|Any CPU
		{DBE9814A-C864-4EE4-8775-C539F5AB038C}.Release|Any CPU.Build.0 = Release|Any CPU
		{9BC03F4A-E54D-4762-BAC0-6959BE0B8C38}.Debug|Any CPU.ActiveCfg = Debug|Any CPU
		{9BC03F4A-E54D-4762-BAC0-6959BE0B8C38}.Debug|Any CPU.Build.0 = Debug|Any CPU
		{9BC03F4A-E54D-4762-BAC0-6959BE0B8C38}.Release|Any CPU.ActiveCfg = Release|Any CPU
		{9BC03F4A-E54D-4762-BAC0-6959BE0B8C38}.Release|Any CPU.Build.0 = Release|Any CPU
		{AADD4DC2-8163-43AD-A0F8-9E433507FD46}.Debug|Any CPU.ActiveCfg = Debug|Any CPU
		{AADD4DC2-8163-43AD-A0F8-9E433507FD46}.Debug|Any CPU.Build.0 = Debug|Any CPU
		{AADD4DC2-8163-43AD-A0F8-9E433507FD46}.Release|Any CPU.ActiveCfg = Release|Any CPU
		{AADD4DC2-8163-43AD-A0F8-9E433507FD46}.Release|Any CPU.Build.0 = Release|Any CPU
		{EB088165-9BE4-4F46-BB8B-68C08BF85DE0}.Debug|Any CPU.ActiveCfg = Debug|Any CPU
		{EB088165-9BE4-4F46-BB8B-68C08BF85DE0}.Debug|Any CPU.Build.0 = Debug|Any CPU
		{EB088165-9BE4-4F46-BB8B-68C08BF85DE0}.Release|Any CPU.ActiveCfg = Release|Any CPU
		{EB088165-9BE4-4F46-BB8B-68C08BF85DE0}.Release|Any CPU.Build.0 = Release|Any CPU
		{88EFF4F8-11BF-4FD7-A3AD-64916350B263}.Debug|Any CPU.ActiveCfg = Debug|Any CPU
		{88EFF4F8-11BF-4FD7-A3AD-64916350B263}.Debug|Any CPU.Build.0 = Debug|Any CPU
		{88EFF4F8-11BF-4FD7-A3AD-64916350B263}.Release|Any CPU.ActiveCfg = Release|Any CPU
		{88EFF4F8-11BF-4FD7-A3AD-64916350B263}.Release|Any CPU.Build.0 = Release|Any CPU
		{E56B4B69-3830-45A6-BA9B-226DE4163B73}.Debug|Any CPU.ActiveCfg = Debug|Any CPU
		{E56B4B69-3830-45A6-BA9B-226DE4163B73}.Debug|Any CPU.Build.0 = Debug|Any CPU
		{E56B4B69-3830-45A6-BA9B-226DE4163B73}.Release|Any CPU.ActiveCfg = Release|Any CPU
		{E56B4B69-3830-45A6-BA9B-226DE4163B73}.Release|Any CPU.Build.0 = Release|Any CPU
		{26D4DF7B-428B-415B-B820-EE226AA493A0}.Debug|Any CPU.ActiveCfg = Debug|Any CPU
		{26D4DF7B-428B-415B-B820-EE226AA493A0}.Debug|Any CPU.Build.0 = Debug|Any CPU
		{26D4DF7B-428B-415B-B820-EE226AA493A0}.Release|Any CPU.ActiveCfg = Release|Any CPU
		{26D4DF7B-428B-415B-B820-EE226AA493A0}.Release|Any CPU.Build.0 = Release|Any CPU
		{D34B069E-7BFB-466E-AFAE-B468DF50FB52}.Debug|Any CPU.ActiveCfg = Debug|Any CPU
		{D34B069E-7BFB-466E-AFAE-B468DF50FB52}.Debug|Any CPU.Build.0 = Debug|Any CPU
		{D34B069E-7BFB-466E-AFAE-B468DF50FB52}.Release|Any CPU.ActiveCfg = Release|Any CPU
		{D34B069E-7BFB-466E-AFAE-B468DF50FB52}.Release|Any CPU.Build.0 = Release|Any CPU
		{5315FD57-9BF8-428C-8F29-F37B7AA03A04}.Debug|Any CPU.ActiveCfg = Debug|Any CPU
		{5315FD57-9BF8-428C-8F29-F37B7AA03A04}.Debug|Any CPU.Build.0 = Debug|Any CPU
		{5315FD57-9BF8-428C-8F29-F37B7AA03A04}.Release|Any CPU.ActiveCfg = Release|Any CPU
		{5315FD57-9BF8-428C-8F29-F37B7AA03A04}.Release|Any CPU.Build.0 = Release|Any CPU
		{6211E42C-7662-47E1-B800-FD871424FCBA}.Debug|Any CPU.ActiveCfg = Debug|Any CPU
		{6211E42C-7662-47E1-B800-FD871424FCBA}.Debug|Any CPU.Build.0 = Debug|Any CPU
		{6211E42C-7662-47E1-B800-FD871424FCBA}.Release|Any CPU.ActiveCfg = Release|Any CPU
		{6211E42C-7662-47E1-B800-FD871424FCBA}.Release|Any CPU.Build.0 = Release|Any CPU
		{0B587F83-A05E-4361-BF97-3C91D8DDF155}.Debug|Any CPU.ActiveCfg = Debug|Any CPU
		{0B587F83-A05E-4361-BF97-3C91D8DDF155}.Debug|Any CPU.Build.0 = Debug|Any CPU
		{0B587F83-A05E-4361-BF97-3C91D8DDF155}.Release|Any CPU.ActiveCfg = Release|Any CPU
		{0B587F83-A05E-4361-BF97-3C91D8DDF155}.Release|Any CPU.Build.0 = Release|Any CPU
		{2861A603-8359-4642-B58C-3291168CDB1F}.Debug|Any CPU.ActiveCfg = Debug|Any CPU
		{2861A603-8359-4642-B58C-3291168CDB1F}.Debug|Any CPU.Build.0 = Debug|Any CPU
		{2861A603-8359-4642-B58C-3291168CDB1F}.Release|Any CPU.ActiveCfg = Release|Any CPU
		{2861A603-8359-4642-B58C-3291168CDB1F}.Release|Any CPU.Build.0 = Release|Any CPU
		{E50BB904-CC5A-43BA-841F-8B988351A4E1}.Debug|Any CPU.ActiveCfg = Debug|Any CPU
		{E50BB904-CC5A-43BA-841F-8B988351A4E1}.Debug|Any CPU.Build.0 = Debug|Any CPU
		{E50BB904-CC5A-43BA-841F-8B988351A4E1}.Release|Any CPU.ActiveCfg = Release|Any CPU
		{E50BB904-CC5A-43BA-841F-8B988351A4E1}.Release|Any CPU.Build.0 = Release|Any CPU
		{350B3C0B-EBCD-4FF4-A79A-024291B87F0E}.Debug|Any CPU.ActiveCfg = Debug|Any CPU
		{350B3C0B-EBCD-4FF4-A79A-024291B87F0E}.Debug|Any CPU.Build.0 = Debug|Any CPU
		{350B3C0B-EBCD-4FF4-A79A-024291B87F0E}.Release|Any CPU.ActiveCfg = Release|Any CPU
		{350B3C0B-EBCD-4FF4-A79A-024291B87F0E}.Release|Any CPU.Build.0 = Release|Any CPU
		{9BC83203-26A4-4619-949F-55FB58CAE081}.Debug|Any CPU.ActiveCfg = Debug|Any CPU
		{9BC83203-26A4-4619-949F-55FB58CAE081}.Debug|Any CPU.Build.0 = Debug|Any CPU
		{9BC83203-26A4-4619-949F-55FB58CAE081}.Release|Any CPU.ActiveCfg = Release|Any CPU
		{9BC83203-26A4-4619-949F-55FB58CAE081}.Release|Any CPU.Build.0 = Release|Any CPU
		{1EE095BB-E7B4-4C24-84A5-148997E2FC2C}.Debug|Any CPU.ActiveCfg = Debug|Any CPU
		{1EE095BB-E7B4-4C24-84A5-148997E2FC2C}.Debug|Any CPU.Build.0 = Debug|Any CPU
		{1EE095BB-E7B4-4C24-84A5-148997E2FC2C}.Release|Any CPU.ActiveCfg = Release|Any CPU
		{1EE095BB-E7B4-4C24-84A5-148997E2FC2C}.Release|Any CPU.Build.0 = Release|Any CPU
		{88CA0C8F-0FB9-4AFB-87D8-153678A6A58A}.Debug|Any CPU.ActiveCfg = Debug|Any CPU
		{88CA0C8F-0FB9-4AFB-87D8-153678A6A58A}.Debug|Any CPU.Build.0 = Debug|Any CPU
		{88CA0C8F-0FB9-4AFB-87D8-153678A6A58A}.Release|Any CPU.ActiveCfg = Release|Any CPU
		{88CA0C8F-0FB9-4AFB-87D8-153678A6A58A}.Release|Any CPU.Build.0 = Release|Any CPU
		{3404D093-F3E4-4136-B09A-362A601E62AD}.Debug|Any CPU.ActiveCfg = Debug|Any CPU
		{3404D093-F3E4-4136-B09A-362A601E62AD}.Debug|Any CPU.Build.0 = Debug|Any CPU
		{3404D093-F3E4-4136-B09A-362A601E62AD}.Release|Any CPU.ActiveCfg = Release|Any CPU
		{3404D093-F3E4-4136-B09A-362A601E62AD}.Release|Any CPU.Build.0 = Release|Any CPU
		{20D6F846-AEDD-420D-BF10-3C6B24F8B08D}.Debug|Any CPU.ActiveCfg = Debug|Any CPU
		{20D6F846-AEDD-420D-BF10-3C6B24F8B08D}.Debug|Any CPU.Build.0 = Debug|Any CPU
		{20D6F846-AEDD-420D-BF10-3C6B24F8B08D}.Release|Any CPU.ActiveCfg = Release|Any CPU
		{20D6F846-AEDD-420D-BF10-3C6B24F8B08D}.Release|Any CPU.Build.0 = Release|Any CPU
		{587733FE-A578-4522-A1BC-FC5319E1B8FF}.Debug|Any CPU.ActiveCfg = Debug|Any CPU
		{587733FE-A578-4522-A1BC-FC5319E1B8FF}.Debug|Any CPU.Build.0 = Debug|Any CPU
		{587733FE-A578-4522-A1BC-FC5319E1B8FF}.Release|Any CPU.ActiveCfg = Release|Any CPU
		{587733FE-A578-4522-A1BC-FC5319E1B8FF}.Release|Any CPU.Build.0 = Release|Any CPU
		{B4F016C8-4005-4DBE-865C-FBE8EEAF80E2}.Debug|Any CPU.ActiveCfg = Debug|Any CPU
		{B4F016C8-4005-4DBE-865C-FBE8EEAF80E2}.Debug|Any CPU.Build.0 = Debug|Any CPU
		{B4F016C8-4005-4DBE-865C-FBE8EEAF80E2}.Release|Any CPU.ActiveCfg = Release|Any CPU
		{B4F016C8-4005-4DBE-865C-FBE8EEAF80E2}.Release|Any CPU.Build.0 = Release|Any CPU
		{19821D7D-30EF-424D-AA76-0C0EE2F95A9B}.Debug|Any CPU.ActiveCfg = Debug|Any CPU
		{19821D7D-30EF-424D-AA76-0C0EE2F95A9B}.Debug|Any CPU.Build.0 = Debug|Any CPU
		{19821D7D-30EF-424D-AA76-0C0EE2F95A9B}.Release|Any CPU.ActiveCfg = Release|Any CPU
		{19821D7D-30EF-424D-AA76-0C0EE2F95A9B}.Release|Any CPU.Build.0 = Release|Any CPU
		{B70CC309-978D-469F-A850-9B59E9C264BF}.Debug|Any CPU.ActiveCfg = Debug|Any CPU
		{B70CC309-978D-469F-A850-9B59E9C264BF}.Debug|Any CPU.Build.0 = Debug|Any CPU
		{B70CC309-978D-469F-A850-9B59E9C264BF}.Release|Any CPU.ActiveCfg = Release|Any CPU
		{B70CC309-978D-469F-A850-9B59E9C264BF}.Release|Any CPU.Build.0 = Release|Any CPU
		{53B9F4D7-C679-43BF-9DAA-7B3225A2445D}.Debug|Any CPU.ActiveCfg = Debug|Any CPU
		{53B9F4D7-C679-43BF-9DAA-7B3225A2445D}.Debug|Any CPU.Build.0 = Debug|Any CPU
		{53B9F4D7-C679-43BF-9DAA-7B3225A2445D}.Release|Any CPU.ActiveCfg = Release|Any CPU
		{53B9F4D7-C679-43BF-9DAA-7B3225A2445D}.Release|Any CPU.Build.0 = Release|Any CPU
		{619A1B3B-C67C-482B-94EC-5C75131E1EEA}.Debug|Any CPU.ActiveCfg = Debug|Any CPU
		{619A1B3B-C67C-482B-94EC-5C75131E1EEA}.Debug|Any CPU.Build.0 = Debug|Any CPU
		{619A1B3B-C67C-482B-94EC-5C75131E1EEA}.Release|Any CPU.ActiveCfg = Release|Any CPU
		{619A1B3B-C67C-482B-94EC-5C75131E1EEA}.Release|Any CPU.Build.0 = Release|Any CPU
		{DBBEB069-027A-4C4B-A68B-9529837EAE80}.Debug|Any CPU.ActiveCfg = Debug|Any CPU
		{DBBEB069-027A-4C4B-A68B-9529837EAE80}.Debug|Any CPU.Build.0 = Debug|Any CPU
		{DBBEB069-027A-4C4B-A68B-9529837EAE80}.Release|Any CPU.ActiveCfg = Release|Any CPU
		{DBBEB069-027A-4C4B-A68B-9529837EAE80}.Release|Any CPU.Build.0 = Release|Any CPU
		{3B0D1CC6-BE39-4E32-8961-10607A563110}.Debug|Any CPU.ActiveCfg = Debug|Any CPU
		{3B0D1CC6-BE39-4E32-8961-10607A563110}.Debug|Any CPU.Build.0 = Debug|Any CPU
		{3B0D1CC6-BE39-4E32-8961-10607A563110}.Release|Any CPU.ActiveCfg = Release|Any CPU
		{3B0D1CC6-BE39-4E32-8961-10607A563110}.Release|Any CPU.Build.0 = Release|Any CPU
		{E08B38AC-4B67-42D6-BFCF-9ABC6B716EB0}.Debug|Any CPU.ActiveCfg = Debug|Any CPU
		{E08B38AC-4B67-42D6-BFCF-9ABC6B716EB0}.Debug|Any CPU.Build.0 = Debug|Any CPU
		{E08B38AC-4B67-42D6-BFCF-9ABC6B716EB0}.Release|Any CPU.ActiveCfg = Release|Any CPU
		{E08B38AC-4B67-42D6-BFCF-9ABC6B716EB0}.Release|Any CPU.Build.0 = Release|Any CPU
		{59525046-C778-488C-960C-41FFA1137559}.Debug|Any CPU.ActiveCfg = Debug|Any CPU
		{59525046-C778-488C-960C-41FFA1137559}.Debug|Any CPU.Build.0 = Debug|Any CPU
		{59525046-C778-488C-960C-41FFA1137559}.Release|Any CPU.ActiveCfg = Release|Any CPU
		{59525046-C778-488C-960C-41FFA1137559}.Release|Any CPU.Build.0 = Release|Any CPU
		{342F46A0-D1F1-4841-870B-FD0843A2257A}.Debug|Any CPU.ActiveCfg = Debug|Any CPU
		{342F46A0-D1F1-4841-870B-FD0843A2257A}.Debug|Any CPU.Build.0 = Debug|Any CPU
		{342F46A0-D1F1-4841-870B-FD0843A2257A}.Release|Any CPU.ActiveCfg = Release|Any CPU
		{342F46A0-D1F1-4841-870B-FD0843A2257A}.Release|Any CPU.Build.0 = Release|Any CPU
		{48AD8898-4880-48EF-867D-FA867D8C5BB1}.Debug|Any CPU.ActiveCfg = Debug|Any CPU
		{48AD8898-4880-48EF-867D-FA867D8C5BB1}.Debug|Any CPU.Build.0 = Debug|Any CPU
		{48AD8898-4880-48EF-867D-FA867D8C5BB1}.Release|Any CPU.ActiveCfg = Release|Any CPU
		{48AD8898-4880-48EF-867D-FA867D8C5BB1}.Release|Any CPU.Build.0 = Release|Any CPU
		{CE43E546-28C3-4250-BF26-D86BAB5B29E0}.Debug|Any CPU.ActiveCfg = Debug|Any CPU
		{CE43E546-28C3-4250-BF26-D86BAB5B29E0}.Debug|Any CPU.Build.0 = Debug|Any CPU
		{CE43E546-28C3-4250-BF26-D86BAB5B29E0}.Release|Any CPU.ActiveCfg = Release|Any CPU
		{CE43E546-28C3-4250-BF26-D86BAB5B29E0}.Release|Any CPU.Build.0 = Release|Any CPU
		{0D829B48-F050-4E35-B89F-4009B41C4E64}.Debug|Any CPU.ActiveCfg = Debug|Any CPU
		{0D829B48-F050-4E35-B89F-4009B41C4E64}.Debug|Any CPU.Build.0 = Debug|Any CPU
		{0D829B48-F050-4E35-B89F-4009B41C4E64}.Release|Any CPU.ActiveCfg = Release|Any CPU
		{0D829B48-F050-4E35-B89F-4009B41C4E64}.Release|Any CPU.Build.0 = Release|Any CPU
		{04D8D92D-FDEC-4D5F-8819-E2FB659A57F7}.Debug|Any CPU.ActiveCfg = Debug|Any CPU
		{04D8D92D-FDEC-4D5F-8819-E2FB659A57F7}.Debug|Any CPU.Build.0 = Debug|Any CPU
		{04D8D92D-FDEC-4D5F-8819-E2FB659A57F7}.Release|Any CPU.ActiveCfg = Release|Any CPU
		{04D8D92D-FDEC-4D5F-8819-E2FB659A57F7}.Release|Any CPU.Build.0 = Release|Any CPU
		{369C3E99-8F54-41E8-B109-6614F98AD8DA}.Debug|Any CPU.ActiveCfg = Debug|Any CPU
		{369C3E99-8F54-41E8-B109-6614F98AD8DA}.Debug|Any CPU.Build.0 = Debug|Any CPU
		{369C3E99-8F54-41E8-B109-6614F98AD8DA}.Release|Any CPU.ActiveCfg = Release|Any CPU
		{369C3E99-8F54-41E8-B109-6614F98AD8DA}.Release|Any CPU.Build.0 = Release|Any CPU
		{97864410-4F63-4376-BE1E-6C8BA8FF2191}.Debug|Any CPU.ActiveCfg = Debug|Any CPU
		{97864410-4F63-4376-BE1E-6C8BA8FF2191}.Debug|Any CPU.Build.0 = Debug|Any CPU
		{97864410-4F63-4376-BE1E-6C8BA8FF2191}.Release|Any CPU.ActiveCfg = Release|Any CPU
		{97864410-4F63-4376-BE1E-6C8BA8FF2191}.Release|Any CPU.Build.0 = Release|Any CPU
		{22D5071C-9BE8-467E-A4F1-6B5EC51B9F23}.Debug|Any CPU.ActiveCfg = Debug|Any CPU
		{22D5071C-9BE8-467E-A4F1-6B5EC51B9F23}.Debug|Any CPU.Build.0 = Debug|Any CPU
		{22D5071C-9BE8-467E-A4F1-6B5EC51B9F23}.Release|Any CPU.ActiveCfg = Release|Any CPU
		{22D5071C-9BE8-467E-A4F1-6B5EC51B9F23}.Release|Any CPU.Build.0 = Release|Any CPU
		{C07DBE14-56D6-43B3-A8D1-15EE256C8BE1}.Debug|Any CPU.ActiveCfg = Debug|Any CPU
		{C07DBE14-56D6-43B3-A8D1-15EE256C8BE1}.Debug|Any CPU.Build.0 = Debug|Any CPU
		{C07DBE14-56D6-43B3-A8D1-15EE256C8BE1}.Release|Any CPU.ActiveCfg = Release|Any CPU
		{C07DBE14-56D6-43B3-A8D1-15EE256C8BE1}.Release|Any CPU.Build.0 = Release|Any CPU
		{1F41CCBE-ECA5-4738-8940-DFC3C1CB3470}.Debug|Any CPU.ActiveCfg = Debug|Any CPU
		{1F41CCBE-ECA5-4738-8940-DFC3C1CB3470}.Debug|Any CPU.Build.0 = Debug|Any CPU
		{1F41CCBE-ECA5-4738-8940-DFC3C1CB3470}.Release|Any CPU.ActiveCfg = Release|Any CPU
		{1F41CCBE-ECA5-4738-8940-DFC3C1CB3470}.Release|Any CPU.Build.0 = Release|Any CPU
		{2BB3238C-3A2C-4C5E-AC8F-3C84589D13EC}.Debug|Any CPU.ActiveCfg = Debug|Any CPU
		{2BB3238C-3A2C-4C5E-AC8F-3C84589D13EC}.Debug|Any CPU.Build.0 = Debug|Any CPU
		{2BB3238C-3A2C-4C5E-AC8F-3C84589D13EC}.Release|Any CPU.ActiveCfg = Release|Any CPU
		{2BB3238C-3A2C-4C5E-AC8F-3C84589D13EC}.Release|Any CPU.Build.0 = Release|Any CPU
		{72C936DF-E405-4198-9B5C-6672AC619788}.Debug|Any CPU.ActiveCfg = Debug|Any CPU
		{72C936DF-E405-4198-9B5C-6672AC619788}.Debug|Any CPU.Build.0 = Debug|Any CPU
		{72C936DF-E405-4198-9B5C-6672AC619788}.Release|Any CPU.ActiveCfg = Release|Any CPU
		{72C936DF-E405-4198-9B5C-6672AC619788}.Release|Any CPU.Build.0 = Release|Any CPU
		{4EEF1939-1B95-498B-ABB7-5846030492BD}.Debug|Any CPU.ActiveCfg = Debug|Any CPU
		{4EEF1939-1B95-498B-ABB7-5846030492BD}.Debug|Any CPU.Build.0 = Debug|Any CPU
		{4EEF1939-1B95-498B-ABB7-5846030492BD}.Release|Any CPU.ActiveCfg = Release|Any CPU
		{4EEF1939-1B95-498B-ABB7-5846030492BD}.Release|Any CPU.Build.0 = Release|Any CPU
		{AE6E7FE3-71C2-4DAE-BEA2-F73680F7FD60}.Debug|Any CPU.ActiveCfg = Debug|Any CPU
		{AE6E7FE3-71C2-4DAE-BEA2-F73680F7FD60}.Debug|Any CPU.Build.0 = Debug|Any CPU
		{AE6E7FE3-71C2-4DAE-BEA2-F73680F7FD60}.Release|Any CPU.ActiveCfg = Release|Any CPU
		{AE6E7FE3-71C2-4DAE-BEA2-F73680F7FD60}.Release|Any CPU.Build.0 = Release|Any CPU
		{990095C0-B287-41AB-88AB-98F0FCBA2480}.Debug|Any CPU.ActiveCfg = Debug|Any CPU
		{990095C0-B287-41AB-88AB-98F0FCBA2480}.Debug|Any CPU.Build.0 = Debug|Any CPU
		{990095C0-B287-41AB-88AB-98F0FCBA2480}.Release|Any CPU.ActiveCfg = Release|Any CPU
		{990095C0-B287-41AB-88AB-98F0FCBA2480}.Release|Any CPU.Build.0 = Release|Any CPU
		{17BEBED5-FDBA-4B33-A37D-6E677FEA2C17}.Debug|Any CPU.ActiveCfg = Debug|Any CPU
		{17BEBED5-FDBA-4B33-A37D-6E677FEA2C17}.Debug|Any CPU.Build.0 = Debug|Any CPU
		{17BEBED5-FDBA-4B33-A37D-6E677FEA2C17}.Release|Any CPU.ActiveCfg = Release|Any CPU
		{17BEBED5-FDBA-4B33-A37D-6E677FEA2C17}.Release|Any CPU.Build.0 = Release|Any CPU
		{4BD3FA2C-C582-43B2-B556-72B4055FCE9D}.Debug|Any CPU.ActiveCfg = Debug|Any CPU
		{4BD3FA2C-C582-43B2-B556-72B4055FCE9D}.Debug|Any CPU.Build.0 = Debug|Any CPU
		{4BD3FA2C-C582-43B2-B556-72B4055FCE9D}.Release|Any CPU.ActiveCfg = Release|Any CPU
		{4BD3FA2C-C582-43B2-B556-72B4055FCE9D}.Release|Any CPU.Build.0 = Release|Any CPU
		{C296D8E0-8CA9-4E7E-A70A-CC29E2E321E9}.Debug|Any CPU.ActiveCfg = Debug|Any CPU
		{C296D8E0-8CA9-4E7E-A70A-CC29E2E321E9}.Debug|Any CPU.Build.0 = Debug|Any CPU
		{C296D8E0-8CA9-4E7E-A70A-CC29E2E321E9}.Release|Any CPU.ActiveCfg = Release|Any CPU
		{C296D8E0-8CA9-4E7E-A70A-CC29E2E321E9}.Release|Any CPU.Build.0 = Release|Any CPU
		{A7E3BE6E-1214-4A0F-A7BA-2FB657FC1EC3}.Debug|Any CPU.ActiveCfg = Debug|Any CPU
		{A7E3BE6E-1214-4A0F-A7BA-2FB657FC1EC3}.Debug|Any CPU.Build.0 = Debug|Any CPU
		{A7E3BE6E-1214-4A0F-A7BA-2FB657FC1EC3}.Release|Any CPU.ActiveCfg = Release|Any CPU
		{A7E3BE6E-1214-4A0F-A7BA-2FB657FC1EC3}.Release|Any CPU.Build.0 = Release|Any CPU
		{7F41376F-930B-4733-81AA-AD43D0467508}.Debug|Any CPU.ActiveCfg = Debug|Any CPU
		{7F41376F-930B-4733-81AA-AD43D0467508}.Debug|Any CPU.Build.0 = Debug|Any CPU
		{7F41376F-930B-4733-81AA-AD43D0467508}.Release|Any CPU.ActiveCfg = Release|Any CPU
		{7F41376F-930B-4733-81AA-AD43D0467508}.Release|Any CPU.Build.0 = Release|Any CPU
	EndGlobalSection
	GlobalSection(SolutionProperties) = preSolution
		HideSolutionNode = FALSE
	EndGlobalSection
	GlobalSection(NestedProjects) = preSolution
		{6979E9A2-CE65-4085-9C0C-788C4A6A3200} = {29298737-D6D9-471B-8452-7CE1649054AA}
		{329C38D1-F39C-4C61-89DE-5CDA8AD0423E} = {29298737-D6D9-471B-8452-7CE1649054AA}
		{E2C5B912-F5D1-45B3-8A52-6CF7A21680B3} = {29298737-D6D9-471B-8452-7CE1649054AA}
		{AF6AE94F-9FC9-42DD-9FAC-2C51FD75D7E8} = {29298737-D6D9-471B-8452-7CE1649054AA}
		{51AE4F09-17EF-4849-BDF5-925398F364BC} = {29298737-D6D9-471B-8452-7CE1649054AA}
		{EAC7D7DA-FC9D-42E0-B528-00777C82F382} = {29298737-D6D9-471B-8452-7CE1649054AA}
		{EBC1023F-1373-4201-AEAE-3DB57B3922BF} = {29298737-D6D9-471B-8452-7CE1649054AA}
		{460926DA-7C70-4883-A18D-A0141032A3D6} = {29298737-D6D9-471B-8452-7CE1649054AA}
		{7AB136A1-420B-42BF-A29A-838AA773D72D} = {29298737-D6D9-471B-8452-7CE1649054AA}
		{015C8F58-2767-412F-A992-4FEA0411B24E} = {29298737-D6D9-471B-8452-7CE1649054AA}
		{1F3E083C-A13B-4E63-83FF-1C910DCF9D8C} = {29298737-D6D9-471B-8452-7CE1649054AA}
		{11AB0F08-CF24-46EE-AEA8-6CB1041A8699} = {29298737-D6D9-471B-8452-7CE1649054AA}
		{DBE9814A-C864-4EE4-8775-C539F5AB038C} = {29298737-D6D9-471B-8452-7CE1649054AA}
		{9BC03F4A-E54D-4762-BAC0-6959BE0B8C38} = {29298737-D6D9-471B-8452-7CE1649054AA}
		{AADD4DC2-8163-43AD-A0F8-9E433507FD46} = {29298737-D6D9-471B-8452-7CE1649054AA}
		{EB088165-9BE4-4F46-BB8B-68C08BF85DE0} = {29298737-D6D9-471B-8452-7CE1649054AA}
		{88EFF4F8-11BF-4FD7-A3AD-64916350B263} = {FE50D6AD-762E-4914-BFA7-057EB7EFBE73}
		{E56B4B69-3830-45A6-BA9B-226DE4163B73} = {FE50D6AD-762E-4914-BFA7-057EB7EFBE73}
		{26D4DF7B-428B-415B-B820-EE226AA493A0} = {FE50D6AD-762E-4914-BFA7-057EB7EFBE73}
		{D34B069E-7BFB-466E-AFAE-B468DF50FB52} = {FE50D6AD-762E-4914-BFA7-057EB7EFBE73}
		{5315FD57-9BF8-428C-8F29-F37B7AA03A04} = {FE50D6AD-762E-4914-BFA7-057EB7EFBE73}
		{6211E42C-7662-47E1-B800-FD871424FCBA} = {160C0C43-ADB1-472D-B664-8B5B45A6FD7D}
		{0B587F83-A05E-4361-BF97-3C91D8DDF155} = {160C0C43-ADB1-472D-B664-8B5B45A6FD7D}
		{2861A603-8359-4642-B58C-3291168CDB1F} = {160C0C43-ADB1-472D-B664-8B5B45A6FD7D}
		{E50BB904-CC5A-43BA-841F-8B988351A4E1} = {160C0C43-ADB1-472D-B664-8B5B45A6FD7D}
		{350B3C0B-EBCD-4FF4-A79A-024291B87F0E} = {160C0C43-ADB1-472D-B664-8B5B45A6FD7D}
		{9BC83203-26A4-4619-949F-55FB58CAE081} = {160C0C43-ADB1-472D-B664-8B5B45A6FD7D}
		{1EE095BB-E7B4-4C24-84A5-148997E2FC2C} = {160C0C43-ADB1-472D-B664-8B5B45A6FD7D}
		{88CA0C8F-0FB9-4AFB-87D8-153678A6A58A} = {160C0C43-ADB1-472D-B664-8B5B45A6FD7D}
		{3404D093-F3E4-4136-B09A-362A601E62AD} = {160C0C43-ADB1-472D-B664-8B5B45A6FD7D}
		{20D6F846-AEDD-420D-BF10-3C6B24F8B08D} = {160C0C43-ADB1-472D-B664-8B5B45A6FD7D}
		{587733FE-A578-4522-A1BC-FC5319E1B8FF} = {160C0C43-ADB1-472D-B664-8B5B45A6FD7D}
		{B4F016C8-4005-4DBE-865C-FBE8EEAF80E2} = {160C0C43-ADB1-472D-B664-8B5B45A6FD7D}
		{19821D7D-30EF-424D-AA76-0C0EE2F95A9B} = {160C0C43-ADB1-472D-B664-8B5B45A6FD7D}
		{B70CC309-978D-469F-A850-9B59E9C264BF} = {160C0C43-ADB1-472D-B664-8B5B45A6FD7D}
		{53B9F4D7-C679-43BF-9DAA-7B3225A2445D} = {D9F8A3EA-BC6E-459A-A84C-2E4EA7D52BDE}
		{619A1B3B-C67C-482B-94EC-5C75131E1EEA} = {D9F8A3EA-BC6E-459A-A84C-2E4EA7D52BDE}
		{DBBEB069-027A-4C4B-A68B-9529837EAE80} = {D9F8A3EA-BC6E-459A-A84C-2E4EA7D52BDE}
		{3B0D1CC6-BE39-4E32-8961-10607A563110} = {D9F8A3EA-BC6E-459A-A84C-2E4EA7D52BDE}
		{E08B38AC-4B67-42D6-BFCF-9ABC6B716EB0} = {D9F8A3EA-BC6E-459A-A84C-2E4EA7D52BDE}
		{59525046-C778-488C-960C-41FFA1137559} = {D9F8A3EA-BC6E-459A-A84C-2E4EA7D52BDE}
		{342F46A0-D1F1-4841-870B-FD0843A2257A} = {D9F8A3EA-BC6E-459A-A84C-2E4EA7D52BDE}
		{48AD8898-4880-48EF-867D-FA867D8C5BB1} = {D9F8A3EA-BC6E-459A-A84C-2E4EA7D52BDE}
		{CE43E546-28C3-4250-BF26-D86BAB5B29E0} = {D9F8A3EA-BC6E-459A-A84C-2E4EA7D52BDE}
		{0D829B48-F050-4E35-B89F-4009B41C4E64} = {C93DCDC2-A50E-464C-AE1C-0273A7B729FC}
		{04D8D92D-FDEC-4D5F-8819-E2FB659A57F7} = {C93DCDC2-A50E-464C-AE1C-0273A7B729FC}
		{369C3E99-8F54-41E8-B109-6614F98AD8DA} = {C93DCDC2-A50E-464C-AE1C-0273A7B729FC}
		{97864410-4F63-4376-BE1E-6C8BA8FF2191} = {C93DCDC2-A50E-464C-AE1C-0273A7B729FC}
		{22D5071C-9BE8-467E-A4F1-6B5EC51B9F23} = {C93DCDC2-A50E-464C-AE1C-0273A7B729FC}
		{C07DBE14-56D6-43B3-A8D1-15EE256C8BE1} = {C93DCDC2-A50E-464C-AE1C-0273A7B729FC}
		{1F41CCBE-ECA5-4738-8940-DFC3C1CB3470} = {C93DCDC2-A50E-464C-AE1C-0273A7B729FC}
		{2BB3238C-3A2C-4C5E-AC8F-3C84589D13EC} = {C93DCDC2-A50E-464C-AE1C-0273A7B729FC}
		{72C936DF-E405-4198-9B5C-6672AC619788} = {C93DCDC2-A50E-464C-AE1C-0273A7B729FC}
		{4EEF1939-1B95-498B-ABB7-5846030492BD} = {C93DCDC2-A50E-464C-AE1C-0273A7B729FC}
		{AE6E7FE3-71C2-4DAE-BEA2-F73680F7FD60} = {C93DCDC2-A50E-464C-AE1C-0273A7B729FC}
		{990095C0-B287-41AB-88AB-98F0FCBA2480} = {C93DCDC2-A50E-464C-AE1C-0273A7B729FC}
		{17BEBED5-FDBA-4B33-A37D-6E677FEA2C17} = {C93DCDC2-A50E-464C-AE1C-0273A7B729FC}
		{4BD3FA2C-C582-43B2-B556-72B4055FCE9D} = {0A1BF9F5-AB27-4159-8A23-9A217D628B4E}
		{C296D8E0-8CA9-4E7E-A70A-CC29E2E321E9} = {0A1BF9F5-AB27-4159-8A23-9A217D628B4E}
		{A7E3BE6E-1214-4A0F-A7BA-2FB657FC1EC3} = {0A1BF9F5-AB27-4159-8A23-9A217D628B4E}
		{7F41376F-930B-4733-81AA-AD43D0467508} = {0A1BF9F5-AB27-4159-8A23-9A217D628B4E}
	EndGlobalSection
	GlobalSection(ExtensibilityGlobals) = postSolution
		SolutionGuid = {20FC0474-F266-4857-B7FB-87B124BE7BC3}
	EndGlobalSection
EndGlobal
